// !$*UTF8*$!
{
	archiveVersion = 1;
	classes = {
	};
	objectVersion = 46;
	objects = {

/* Begin PBXBuildFile section */
		521B29A218F0E1B1003553F5 /* Credits.html in Resources */ = {isa = PBXBuildFile; fileRef = 521B29A118F0E1B1003553F5 /* Credits.html */; };
		524F6AE318C733BA00F8695B /* Media.xcassets in Resources */ = {isa = PBXBuildFile; fileRef = 524F6AE218C733BA00F8695B /* Media.xcassets */; };
		52ABDAE118C5C3E600F54879 /* AppDelegate.m in Sources */ = {isa = PBXBuildFile; fileRef = 52ABDAE018C5C3E600F54879 /* AppDelegate.m */; };
		52AD05E518CDF37700395463 /* main.jpg in Resources */ = {isa = PBXBuildFile; fileRef = C7AD8BCD18B57AFA0001746B /* main.jpg */; };
		52AD05E918CDF45400395463 /* GLUT.framework in CopyFiles */ = {isa = PBXBuildFile; fileRef = 52AD05E818CDF45400395463 /* GLUT.framework */; };
		52BE59D618C5050400FE608F /* audiodecoderbase.cpp in Sources */ = {isa = PBXBuildFile; fileRef = 52BE59CD18C504D300FE608F /* audiodecoderbase.cpp */; };
		52BE59D718C5050700FE608F /* audiodecodercoreaudio.cpp in Sources */ = {isa = PBXBuildFile; fileRef = 52BE59CE18C504D300FE608F /* audiodecodercoreaudio.cpp */; };
		52F4E8F218C5ED36009616A5 /* ofxCocoaGLView.mm in Sources */ = {isa = PBXBuildFile; fileRef = 52F4E8F018C5EC2F009616A5 /* ofxCocoaGLView.mm */; };
		52F4E8F518C5F0F9009616A5 /* MainMenu.xib in Resources */ = {isa = PBXBuildFile; fileRef = 52F4E8F318C5F0B0009616A5 /* MainMenu.xib */; };
		52F4E8F818C5FACD009616A5 /* refreqSynth.cpp in Sources */ = {isa = PBXBuildFile; fileRef = 52F4E8F618C5FACD009616A5 /* refreqSynth.cpp */; };
		52FCB77518C5E29800DB745E /* ControlDelegate.mm in Sources */ = {isa = PBXBuildFile; fileRef = 52FCB77418C5E29800DB745E /* ControlDelegate.mm */; };
		C7CA812618BA02BB005858C5 /* kiss_fft.c in Sources */ = {isa = PBXBuildFile; fileRef = C7CA810618B9FC77005858C5 /* kiss_fft.c */; };
		C7CA812718BA02BB005858C5 /* kiss_fftr.c in Sources */ = {isa = PBXBuildFile; fileRef = C7CA810818B9FC77005858C5 /* kiss_fftr.c */; };
		C7CA812F18BA02EB005858C5 /* ofxFft.cpp in Sources */ = {isa = PBXBuildFile; fileRef = C7CA810F18B9FC77005858C5 /* ofxFft.cpp */; };
		C7CA813018BA02EB005858C5 /* ofxFftBasic.cpp in Sources */ = {isa = PBXBuildFile; fileRef = C7CA811118B9FC77005858C5 /* ofxFftBasic.cpp */; };
		C7CA813118BA02EB005858C5 /* ofxFftw.cpp in Sources */ = {isa = PBXBuildFile; fileRef = C7CA811318B9FC77005858C5 /* ofxFftw.cpp */; };
		C7ECF46118C470BA00484937 /* fftw3f.a in Frameworks */ = {isa = PBXBuildFile; fileRef = C7ECF46018C470BA00484937 /* fftw3f.a */; };
		C7EDE54118A9070000E3C5C1 /* GLUT.framework in Frameworks */ = {isa = PBXBuildFile; fileRef = C7EDE54018A9070000E3C5C1 /* GLUT.framework */; };
		C7EDE54418A920B600E3C5C1 /* openFrameworksDebug.a in Frameworks */ = {isa = PBXBuildFile; fileRef = C7EDE54318A920B500E3C5C1 /* openFrameworksDebug.a */; };
		C7F3217518A2C7EC008C9295 /* Loader.cpp in Sources */ = {isa = PBXBuildFile; fileRef = C7F3217318A2C7EC008C9295 /* Loader.cpp */; };
		C7F3217818A2C84D008C9295 /* Player.cpp in Sources */ = {isa = PBXBuildFile; fileRef = C7F3217618A2C84D008C9295 /* Player.cpp */; };
		C7F3217B18A2C878008C9295 /* Vinyl.cpp in Sources */ = {isa = PBXBuildFile; fileRef = C7F3217918A2C878008C9295 /* Vinyl.cpp */; };
		C7F3217E18A2C914008C9295 /* PixelPickup.cpp in Sources */ = {isa = PBXBuildFile; fileRef = C7F3217C18A2C914008C9295 /* PixelPickup.cpp */; };
		C7F3218118A2C990008C9295 /* Synthetizer.cpp in Sources */ = {isa = PBXBuildFile; fileRef = C7F3217F18A2C990008C9295 /* Synthetizer.cpp */; };
		C7F3218418A2CA61008C9295 /* Gui.cpp in Sources */ = {isa = PBXBuildFile; fileRef = C7F3218218A2CA61008C9295 /* Gui.cpp */; };
		E45BE97B0E8CC7DD009D7055 /* AGL.framework in Frameworks */ = {isa = PBXBuildFile; fileRef = E45BE9710E8CC7DD009D7055 /* AGL.framework */; };
		E45BE97C0E8CC7DD009D7055 /* ApplicationServices.framework in Frameworks */ = {isa = PBXBuildFile; fileRef = E45BE9720E8CC7DD009D7055 /* ApplicationServices.framework */; };
		E45BE97D0E8CC7DD009D7055 /* AudioToolbox.framework in Frameworks */ = {isa = PBXBuildFile; fileRef = E45BE9730E8CC7DD009D7055 /* AudioToolbox.framework */; };
		E45BE97E0E8CC7DD009D7055 /* Carbon.framework in Frameworks */ = {isa = PBXBuildFile; fileRef = E45BE9740E8CC7DD009D7055 /* Carbon.framework */; };
		E45BE97F0E8CC7DD009D7055 /* CoreAudio.framework in Frameworks */ = {isa = PBXBuildFile; fileRef = E45BE9750E8CC7DD009D7055 /* CoreAudio.framework */; };
		E45BE9800E8CC7DD009D7055 /* CoreFoundation.framework in Frameworks */ = {isa = PBXBuildFile; fileRef = E45BE9760E8CC7DD009D7055 /* CoreFoundation.framework */; };
		E45BE9810E8CC7DD009D7055 /* CoreServices.framework in Frameworks */ = {isa = PBXBuildFile; fileRef = E45BE9770E8CC7DD009D7055 /* CoreServices.framework */; };
		E45BE9830E8CC7DD009D7055 /* OpenGL.framework in Frameworks */ = {isa = PBXBuildFile; fileRef = E45BE9790E8CC7DD009D7055 /* OpenGL.framework */; };
		E45BE9840E8CC7DD009D7055 /* QuickTime.framework in Frameworks */ = {isa = PBXBuildFile; fileRef = E45BE97A0E8CC7DD009D7055 /* QuickTime.framework */; };
		E4B69E200A3A1BDC003C02F2 /* main.m in Sources */ = {isa = PBXBuildFile; fileRef = E4B69E1D0A3A1BDC003C02F2 /* main.m */; };
		E4B69E210A3A1BDC003C02F2 /* refreq2.mm in Sources */ = {isa = PBXBuildFile; fileRef = E4B69E1E0A3A1BDC003C02F2 /* refreq2.mm */; };
		E4C2424710CC5A17004149E2 /* AppKit.framework in Frameworks */ = {isa = PBXBuildFile; fileRef = E4C2424410CC5A17004149E2 /* AppKit.framework */; };
		E4C2424810CC5A17004149E2 /* Cocoa.framework in Frameworks */ = {isa = PBXBuildFile; fileRef = E4C2424510CC5A17004149E2 /* Cocoa.framework */; };
		E4C2424910CC5A17004149E2 /* IOKit.framework in Frameworks */ = {isa = PBXBuildFile; fileRef = E4C2424610CC5A17004149E2 /* IOKit.framework */; };
		E7E077E515D3B63C0020DFD4 /* CoreVideo.framework in Frameworks */ = {isa = PBXBuildFile; fileRef = E7E077E415D3B63C0020DFD4 /* CoreVideo.framework */; };
		E7E077E815D3B6510020DFD4 /* QTKit.framework in Frameworks */ = {isa = PBXBuildFile; fileRef = E7E077E715D3B6510020DFD4 /* QTKit.framework */; };
		E7F985F815E0DEA3003869B5 /* Accelerate.framework in Frameworks */ = {isa = PBXBuildFile; fileRef = E7F985F515E0DE99003869B5 /* Accelerate.framework */; };
/* End PBXBuildFile section */

/* Begin PBXContainerItemProxy section */
		C7EDE53C18A906A600E3C5C1 /* PBXContainerItemProxy */ = {
			isa = PBXContainerItemProxy;
			containerPortal = C7EDE53818A906A600E3C5C1 /* openFrameworksLib.xcodeproj */;
			proxyType = 2;
			remoteGlobalIDString = E4B27C1510CBEB8E00536013;
			remoteInfo = openFrameworks;
		};
/* End PBXContainerItemProxy section */

/* Begin PBXCopyFilesBuildPhase section */
		C7F960D318B57C700057243B /* CopyFiles */ = {
			isa = PBXCopyFilesBuildPhase;
			buildActionMask = 12;
			dstPath = "";
			dstSubfolderSpec = 10;
			files = (
				52AD05E918CDF45400395463 /* GLUT.framework in CopyFiles */,
			);
			runOnlyForDeploymentPostprocessing = 0;
		};
/* End PBXCopyFilesBuildPhase section */

/* Begin PBXFileReference section */
		521B29A118F0E1B1003553F5 /* Credits.html */ = {isa = PBXFileReference; fileEncoding = 4; lastKnownFileType = text.html; path = Credits.html; sourceTree = "<group>"; };
		524F6AE218C733BA00F8695B /* Media.xcassets */ = {isa = PBXFileReference; lastKnownFileType = folder.assetcatalog; name = Media.xcassets; path = ../../Media.xcassets; sourceTree = "<group>"; };
		52ABDADF18C5C3E600F54879 /* AppDelegate.h */ = {isa = PBXFileReference; fileEncoding = 4; lastKnownFileType = sourcecode.c.h; path = AppDelegate.h; sourceTree = "<group>"; };
		52ABDAE018C5C3E600F54879 /* AppDelegate.m */ = {isa = PBXFileReference; fileEncoding = 4; lastKnownFileType = sourcecode.c.objc; path = AppDelegate.m; sourceTree = "<group>"; };
		52AD05E818CDF45400395463 /* GLUT.framework */ = {isa = PBXFileReference; lastKnownFileType = wrapper.framework; name = GLUT.framework; path = requirements/openFrameworks/libs/openFrameworksCompiled/project/osx/../../../glut/lib/osx/GLUT.framework; sourceTree = "<group>"; };
		52BE59B518C504D300FE608F /* .gitignore */ = {isa = PBXFileReference; lastKnownFileType = text; path = .gitignore; sourceTree = "<group>"; };
		52BE59C718C504D300FE608F /* CADebugMacros.h */ = {isa = PBXFileReference; lastKnownFileType = sourcecode.c.h; path = CADebugMacros.h; sourceTree = "<group>"; };
		52BE59C818C504D300FE608F /* CAStreamBasicDescription.h */ = {isa = PBXFileReference; lastKnownFileType = sourcecode.c.h; path = CAStreamBasicDescription.h; sourceTree = "<group>"; };
		52BE59C918C504D300FE608F /* audiodecoder.h */ = {isa = PBXFileReference; lastKnownFileType = sourcecode.c.h; name = audiodecoder.h; path = requirements/ofxAudioDecoder/lib/include/audiodecoder.h; sourceTree = SOURCE_ROOT; };
		52BE59CA18C504D300FE608F /* audiodecoderbase.h */ = {isa = PBXFileReference; lastKnownFileType = sourcecode.c.h; name = audiodecoderbase.h; path = requirements/ofxAudioDecoder/lib/include/audiodecoderbase.h; sourceTree = SOURCE_ROOT; };
		52BE59CB18C504D300FE608F /* audiodecodercoreaudio.h */ = {isa = PBXFileReference; lastKnownFileType = sourcecode.c.h; name = audiodecodercoreaudio.h; path = requirements/ofxAudioDecoder/lib/include/audiodecodercoreaudio.h; sourceTree = SOURCE_ROOT; };
		52BE59CD18C504D300FE608F /* audiodecoderbase.cpp */ = {isa = PBXFileReference; lastKnownFileType = sourcecode.cpp.cpp; name = audiodecoderbase.cpp; path = requirements/ofxAudioDecoder/lib/src/audiodecoderbase.cpp; sourceTree = SOURCE_ROOT; };
		52BE59CE18C504D300FE608F /* audiodecodercoreaudio.cpp */ = {isa = PBXFileReference; lastKnownFileType = sourcecode.cpp.cpp; name = audiodecodercoreaudio.cpp; path = requirements/ofxAudioDecoder/lib/src/audiodecodercoreaudio.cpp; sourceTree = SOURCE_ROOT; };
		52BE59CF18C504D300FE608F /* license.md */ = {isa = PBXFileReference; lastKnownFileType = text; name = license.md; path = requirements/ofxAudioDecoder/license.md; sourceTree = SOURCE_ROOT; };
		52BE59D018C504D300FE608F /* readme.md */ = {isa = PBXFileReference; lastKnownFileType = text; name = readme.md; path = requirements/ofxAudioDecoder/readme.md; sourceTree = SOURCE_ROOT; };
		52BE59D218C504D300FE608F /* ofxAudioDecoder.h */ = {isa = PBXFileReference; lastKnownFileType = sourcecode.c.h; name = ofxAudioDecoder.h; path = requirements/ofxAudioDecoder/src/ofxAudioDecoder.h; sourceTree = SOURCE_ROOT; };
		52F4E8ED18C5EC2F009616A5 /* .gitignore */ = {isa = PBXFileReference; lastKnownFileType = text; path = .gitignore; sourceTree = "<group>"; };
		52F4E8EF18C5EC2F009616A5 /* ofxCocoaGLView.h */ = {isa = PBXFileReference; lastKnownFileType = sourcecode.c.h; name = ofxCocoaGLView.h; path = requirements/ofxCocoaGLView/src/ofxCocoaGLView.h; sourceTree = SOURCE_ROOT; };
		52F4E8F018C5EC2F009616A5 /* ofxCocoaGLView.mm */ = {isa = PBXFileReference; lastKnownFileType = sourcecode.cpp.objcpp; name = ofxCocoaGLView.mm; path = requirements/ofxCocoaGLView/src/ofxCocoaGLView.mm; sourceTree = SOURCE_ROOT; };
		52F4E8F318C5F0B0009616A5 /* MainMenu.xib */ = {isa = PBXFileReference; lastKnownFileType = file.xib; name = MainMenu.xib; path = ../../src/MainMenu.xib; sourceTree = "<group>"; };
		52F4E8F618C5FACD009616A5 /* refreqSynth.cpp */ = {isa = PBXFileReference; fileEncoding = 4; lastKnownFileType = sourcecode.cpp.cpp; path = refreqSynth.cpp; sourceTree = "<group>"; };
		52F4E8F718C5FACD009616A5 /* refreqSynth.h */ = {isa = PBXFileReference; fileEncoding = 4; lastKnownFileType = sourcecode.c.h; path = refreqSynth.h; sourceTree = "<group>"; };
		52FCB77318C5E29800DB745E /* ControlDelegate.h */ = {isa = PBXFileReference; fileEncoding = 4; lastKnownFileType = sourcecode.c.h; path = ControlDelegate.h; sourceTree = "<group>"; };
		52FCB77418C5E29800DB745E /* ControlDelegate.mm */ = {isa = PBXFileReference; fileEncoding = 4; lastKnownFileType = sourcecode.cpp.objcpp; path = ControlDelegate.mm; sourceTree = "<group>"; };
		C7AD8BCA18B57ADC0001746B /* refreq2.app */ = {isa = PBXFileReference; lastKnownFileType = wrapper.application; path = refreq2.app; sourceTree = "<group>"; };
		C7AD8BCD18B57AFA0001746B /* main.jpg */ = {isa = PBXFileReference; lastKnownFileType = image.jpeg; path = main.jpg; sourceTree = "<group>"; };
		C7CA80D718B9FC77005858C5 /* .gitignore */ = {isa = PBXFileReference; lastKnownFileType = text; name = .gitignore; path = requirements/ofxFft/.gitignore; sourceTree = SOURCE_ROOT; };
		C7CA810118B9FC77005858C5 /* fftw3.h */ = {isa = PBXFileReference; lastKnownFileType = sourcecode.c.h; name = fftw3.h; path = requirements/ofxFft/libs/fftw/include/fftw3.h; sourceTree = SOURCE_ROOT; };
		C7CA810518B9FC77005858C5 /* _kiss_fft_guts.h */ = {isa = PBXFileReference; lastKnownFileType = sourcecode.c.h; name = _kiss_fft_guts.h; path = requirements/ofxFft/libs/kiss/_kiss_fft_guts.h; sourceTree = SOURCE_ROOT; };
		C7CA810618B9FC77005858C5 /* kiss_fft.c */ = {isa = PBXFileReference; lastKnownFileType = sourcecode.c.c; name = kiss_fft.c; path = requirements/ofxFft/libs/kiss/kiss_fft.c; sourceTree = SOURCE_ROOT; };
		C7CA810718B9FC77005858C5 /* kiss_fft.h */ = {isa = PBXFileReference; lastKnownFileType = sourcecode.c.h; name = kiss_fft.h; path = requirements/ofxFft/libs/kiss/kiss_fft.h; sourceTree = SOURCE_ROOT; };
		C7CA810818B9FC77005858C5 /* kiss_fftr.c */ = {isa = PBXFileReference; lastKnownFileType = sourcecode.c.c; name = kiss_fftr.c; path = requirements/ofxFft/libs/kiss/kiss_fftr.c; sourceTree = SOURCE_ROOT; };
		C7CA810918B9FC77005858C5 /* kiss_fftr.h */ = {isa = PBXFileReference; lastKnownFileType = sourcecode.c.h; name = kiss_fftr.h; path = requirements/ofxFft/libs/kiss/kiss_fftr.h; sourceTree = SOURCE_ROOT; };
		C7CA810A18B9FC77005858C5 /* ofxaddons_thumbnail.png */ = {isa = PBXFileReference; lastKnownFileType = image.png; path = ofxaddons_thumbnail.png; sourceTree = "<group>"; };
		C7CA810B18B9FC77005858C5 /* readme.md */ = {isa = PBXFileReference; lastKnownFileType = text; path = readme.md; sourceTree = "<group>"; };
		C7CA810D18B9FC77005858C5 /* ofxEasyFft.cpp */ = {isa = PBXFileReference; lastKnownFileType = sourcecode.cpp.cpp; name = ofxEasyFft.cpp; path = requirements/ofxFft/src/ofxEasyFft.cpp; sourceTree = SOURCE_ROOT; };
		C7CA810E18B9FC77005858C5 /* ofxEasyFft.h */ = {isa = PBXFileReference; lastKnownFileType = sourcecode.c.h; name = ofxEasyFft.h; path = requirements/ofxFft/src/ofxEasyFft.h; sourceTree = SOURCE_ROOT; };
		C7CA810F18B9FC77005858C5 /* ofxFft.cpp */ = {isa = PBXFileReference; lastKnownFileType = sourcecode.cpp.cpp; name = ofxFft.cpp; path = requirements/ofxFft/src/ofxFft.cpp; sourceTree = SOURCE_ROOT; };
		C7CA811018B9FC77005858C5 /* ofxFft.h */ = {isa = PBXFileReference; lastKnownFileType = sourcecode.c.h; name = ofxFft.h; path = requirements/ofxFft/src/ofxFft.h; sourceTree = SOURCE_ROOT; };
		C7CA811118B9FC77005858C5 /* ofxFftBasic.cpp */ = {isa = PBXFileReference; lastKnownFileType = sourcecode.cpp.cpp; name = ofxFftBasic.cpp; path = requirements/ofxFft/src/ofxFftBasic.cpp; sourceTree = SOURCE_ROOT; };
		C7CA811218B9FC77005858C5 /* ofxFftBasic.h */ = {isa = PBXFileReference; lastKnownFileType = sourcecode.c.h; name = ofxFftBasic.h; path = requirements/ofxFft/src/ofxFftBasic.h; sourceTree = SOURCE_ROOT; };
		C7CA811318B9FC77005858C5 /* ofxFftw.cpp */ = {isa = PBXFileReference; lastKnownFileType = sourcecode.cpp.cpp; name = ofxFftw.cpp; path = requirements/ofxFft/src/ofxFftw.cpp; sourceTree = SOURCE_ROOT; };
		C7CA811418B9FC77005858C5 /* ofxFftw.h */ = {isa = PBXFileReference; lastKnownFileType = sourcecode.c.h; name = ofxFftw.h; path = requirements/ofxFft/src/ofxFftw.h; sourceTree = SOURCE_ROOT; };
		C7DA746C18BCFE5600430C64 /* rrr.icns */ = {isa = PBXFileReference; lastKnownFileType = image.icns; path = rrr.icns; sourceTree = "<group>"; };
		C7ECF46018C470BA00484937 /* fftw3f.a */ = {isa = PBXFileReference; lastKnownFileType = archive.ar; path = fftw3f.a; sourceTree = "<group>"; };
		C7EDE53718A906A600E3C5C1 /* CoreOF.xcconfig */ = {isa = PBXFileReference; lastKnownFileType = text.xcconfig; name = CoreOF.xcconfig; path = requirements/openFrameworks/libs/openFrameworksCompiled/project/osx/CoreOF.xcconfig; sourceTree = "<group>"; };
		C7EDE53818A906A600E3C5C1 /* openFrameworksLib.xcodeproj */ = {isa = PBXFileReference; lastKnownFileType = "wrapper.pb-project"; name = openFrameworksLib.xcodeproj; path = requirements/openFrameworks/libs/openFrameworksCompiled/project/osx/openFrameworksLib.xcodeproj; sourceTree = "<group>"; };
		C7EDE54018A9070000E3C5C1 /* GLUT.framework */ = {isa = PBXFileReference; lastKnownFileType = wrapper.framework; name = GLUT.framework; path = requirements/openFrameworks/libs/glut/lib/osx/GLUT.framework; sourceTree = "<group>"; };
		C7EDE54318A920B500E3C5C1 /* openFrameworksDebug.a */ = {isa = PBXFileReference; lastKnownFileType = archive.ar; name = openFrameworksDebug.a; path = requirements/openFrameworks/libs/openFrameworksCompiled/lib/osx/openFrameworksDebug.a; sourceTree = "<group>"; };
		C7EF20F618B2ABB60016EE43 /* refreqConstans.h */ = {isa = PBXFileReference; lastKnownFileType = sourcecode.c.h; path = refreqConstans.h; sourceTree = "<group>"; };
		C7F3217318A2C7EC008C9295 /* Loader.cpp */ = {isa = PBXFileReference; fileEncoding = 4; lastKnownFileType = sourcecode.cpp.cpp; path = Loader.cpp; sourceTree = "<group>"; };
		C7F3217418A2C7EC008C9295 /* Loader.h */ = {isa = PBXFileReference; fileEncoding = 4; lastKnownFileType = sourcecode.c.h; path = Loader.h; sourceTree = "<group>"; };
		C7F3217618A2C84D008C9295 /* Player.cpp */ = {isa = PBXFileReference; fileEncoding = 4; lastKnownFileType = sourcecode.cpp.cpp; path = Player.cpp; sourceTree = "<group>"; };
		C7F3217718A2C84D008C9295 /* Player.h */ = {isa = PBXFileReference; fileEncoding = 4; lastKnownFileType = sourcecode.c.h; path = Player.h; sourceTree = "<group>"; };
		C7F3217918A2C878008C9295 /* Vinyl.cpp */ = {isa = PBXFileReference; fileEncoding = 4; lastKnownFileType = sourcecode.cpp.cpp; path = Vinyl.cpp; sourceTree = "<group>"; };
		C7F3217A18A2C878008C9295 /* Vinyl.h */ = {isa = PBXFileReference; fileEncoding = 4; lastKnownFileType = sourcecode.c.h; path = Vinyl.h; sourceTree = "<group>"; };
		C7F3217C18A2C914008C9295 /* PixelPickup.cpp */ = {isa = PBXFileReference; fileEncoding = 4; lastKnownFileType = sourcecode.cpp.cpp; path = PixelPickup.cpp; sourceTree = "<group>"; };
		C7F3217D18A2C914008C9295 /* PixelPickup.h */ = {isa = PBXFileReference; fileEncoding = 4; lastKnownFileType = sourcecode.c.h; path = PixelPickup.h; sourceTree = "<group>"; };
		C7F3217F18A2C990008C9295 /* Synthetizer.cpp */ = {isa = PBXFileReference; fileEncoding = 4; lastKnownFileType = sourcecode.cpp.cpp; path = Synthetizer.cpp; sourceTree = "<group>"; };
		C7F3218018A2C990008C9295 /* Synthetizer.h */ = {isa = PBXFileReference; fileEncoding = 4; lastKnownFileType = sourcecode.c.h; path = Synthetizer.h; sourceTree = "<group>"; };
		C7F3218218A2CA61008C9295 /* Gui.cpp */ = {isa = PBXFileReference; fileEncoding = 4; lastKnownFileType = sourcecode.cpp.cpp; path = Gui.cpp; sourceTree = "<group>"; };
		C7F3218318A2CA61008C9295 /* Gui.h */ = {isa = PBXFileReference; fileEncoding = 4; lastKnownFileType = sourcecode.c.h; path = Gui.h; sourceTree = "<group>"; };
		E45BE9710E8CC7DD009D7055 /* AGL.framework */ = {isa = PBXFileReference; lastKnownFileType = wrapper.framework; name = AGL.framework; path = /System/Library/Frameworks/AGL.framework; sourceTree = "<absolute>"; };
		E45BE9720E8CC7DD009D7055 /* ApplicationServices.framework */ = {isa = PBXFileReference; lastKnownFileType = wrapper.framework; name = ApplicationServices.framework; path = /System/Library/Frameworks/ApplicationServices.framework; sourceTree = "<absolute>"; };
		E45BE9730E8CC7DD009D7055 /* AudioToolbox.framework */ = {isa = PBXFileReference; lastKnownFileType = wrapper.framework; name = AudioToolbox.framework; path = /System/Library/Frameworks/AudioToolbox.framework; sourceTree = "<absolute>"; };
		E45BE9740E8CC7DD009D7055 /* Carbon.framework */ = {isa = PBXFileReference; lastKnownFileType = wrapper.framework; name = Carbon.framework; path = /System/Library/Frameworks/Carbon.framework; sourceTree = "<absolute>"; };
		E45BE9750E8CC7DD009D7055 /* CoreAudio.framework */ = {isa = PBXFileReference; lastKnownFileType = wrapper.framework; name = CoreAudio.framework; path = /System/Library/Frameworks/CoreAudio.framework; sourceTree = "<absolute>"; };
		E45BE9760E8CC7DD009D7055 /* CoreFoundation.framework */ = {isa = PBXFileReference; lastKnownFileType = wrapper.framework; name = CoreFoundation.framework; path = /System/Library/Frameworks/CoreFoundation.framework; sourceTree = "<absolute>"; };
		E45BE9770E8CC7DD009D7055 /* CoreServices.framework */ = {isa = PBXFileReference; lastKnownFileType = wrapper.framework; name = CoreServices.framework; path = /System/Library/Frameworks/CoreServices.framework; sourceTree = "<absolute>"; };
		E45BE9790E8CC7DD009D7055 /* OpenGL.framework */ = {isa = PBXFileReference; lastKnownFileType = wrapper.framework; name = OpenGL.framework; path = /System/Library/Frameworks/OpenGL.framework; sourceTree = "<absolute>"; };
		E45BE97A0E8CC7DD009D7055 /* QuickTime.framework */ = {isa = PBXFileReference; lastKnownFileType = wrapper.framework; name = QuickTime.framework; path = /System/Library/Frameworks/QuickTime.framework; sourceTree = "<absolute>"; };
		E4B69B5B0A3A1756003C02F2 /* refreq2Debug.app */ = {isa = PBXFileReference; explicitFileType = wrapper.application; includeInIndex = 0; path = refreq2Debug.app; sourceTree = BUILT_PRODUCTS_DIR; };
		E4B69E1D0A3A1BDC003C02F2 /* main.m */ = {isa = PBXFileReference; fileEncoding = 30; lastKnownFileType = sourcecode.c.objc; name = main.m; path = src/main.m; sourceTree = SOURCE_ROOT; };
		E4B69E1E0A3A1BDC003C02F2 /* refreq2.mm */ = {isa = PBXFileReference; explicitFileType = sourcecode.cpp.objcpp; fileEncoding = 30; name = refreq2.mm; path = src/refreq2.mm; sourceTree = SOURCE_ROOT; };
		E4B69E1F0A3A1BDC003C02F2 /* refreq2.h */ = {isa = PBXFileReference; fileEncoding = 30; lastKnownFileType = sourcecode.c.h; name = refreq2.h; path = src/refreq2.h; sourceTree = SOURCE_ROOT; };
		E4B6FCAD0C3E899E008CF71C /* openFrameworks-Info.plist */ = {isa = PBXFileReference; fileEncoding = 30; lastKnownFileType = text.plist.xml; path = "openFrameworks-Info.plist"; sourceTree = "<group>"; };
		E4C2424410CC5A17004149E2 /* AppKit.framework */ = {isa = PBXFileReference; lastKnownFileType = wrapper.framework; name = AppKit.framework; path = /System/Library/Frameworks/AppKit.framework; sourceTree = "<absolute>"; };
		E4C2424510CC5A17004149E2 /* Cocoa.framework */ = {isa = PBXFileReference; lastKnownFileType = wrapper.framework; name = Cocoa.framework; path = /System/Library/Frameworks/Cocoa.framework; sourceTree = "<absolute>"; };
		E4C2424610CC5A17004149E2 /* IOKit.framework */ = {isa = PBXFileReference; lastKnownFileType = wrapper.framework; name = IOKit.framework; path = /System/Library/Frameworks/IOKit.framework; sourceTree = "<absolute>"; };
		E4EB6923138AFD0F00A09F29 /* Project.xcconfig */ = {isa = PBXFileReference; fileEncoding = 4; lastKnownFileType = text.xcconfig; path = Project.xcconfig; sourceTree = "<group>"; };
		E7E077E415D3B63C0020DFD4 /* CoreVideo.framework */ = {isa = PBXFileReference; lastKnownFileType = wrapper.framework; name = CoreVideo.framework; path = /System/Library/Frameworks/CoreVideo.framework; sourceTree = "<absolute>"; };
		E7E077E715D3B6510020DFD4 /* QTKit.framework */ = {isa = PBXFileReference; lastKnownFileType = wrapper.framework; name = QTKit.framework; path = /System/Library/Frameworks/QTKit.framework; sourceTree = "<absolute>"; };
		E7F985F515E0DE99003869B5 /* Accelerate.framework */ = {isa = PBXFileReference; lastKnownFileType = wrapper.framework; name = Accelerate.framework; path = /System/Library/Frameworks/Accelerate.framework; sourceTree = "<absolute>"; };
/* End PBXFileReference section */

/* Begin PBXFrameworksBuildPhase section */
		E4B69B590A3A1756003C02F2 /* Frameworks */ = {
			isa = PBXFrameworksBuildPhase;
			buildActionMask = 2147483647;
			files = (
				E7F985F815E0DEA3003869B5 /* Accelerate.framework in Frameworks */,
				E7E077E815D3B6510020DFD4 /* QTKit.framework in Frameworks */,
				C7EDE54118A9070000E3C5C1 /* GLUT.framework in Frameworks */,
				C7EDE54418A920B600E3C5C1 /* openFrameworksDebug.a in Frameworks */,
				E45BE97B0E8CC7DD009D7055 /* AGL.framework in Frameworks */,
				E45BE97C0E8CC7DD009D7055 /* ApplicationServices.framework in Frameworks */,
				E45BE97D0E8CC7DD009D7055 /* AudioToolbox.framework in Frameworks */,
				E45BE97E0E8CC7DD009D7055 /* Carbon.framework in Frameworks */,
				E45BE97F0E8CC7DD009D7055 /* CoreAudio.framework in Frameworks */,
				E45BE9800E8CC7DD009D7055 /* CoreFoundation.framework in Frameworks */,
				E45BE9810E8CC7DD009D7055 /* CoreServices.framework in Frameworks */,
				E45BE9830E8CC7DD009D7055 /* OpenGL.framework in Frameworks */,
				E45BE9840E8CC7DD009D7055 /* QuickTime.framework in Frameworks */,
				C7ECF46118C470BA00484937 /* fftw3f.a in Frameworks */,
				E4C2424710CC5A17004149E2 /* AppKit.framework in Frameworks */,
				E4C2424810CC5A17004149E2 /* Cocoa.framework in Frameworks */,
				E4C2424910CC5A17004149E2 /* IOKit.framework in Frameworks */,
				E7E077E515D3B63C0020DFD4 /* CoreVideo.framework in Frameworks */,
			);
			runOnlyForDeploymentPostprocessing = 0;
		};
/* End PBXFrameworksBuildPhase section */

/* Begin PBXGroup section */
		52BE59B418C504D300FE608F /* ofxAudioDecoder */ = {
			isa = PBXGroup;
			children = (
				52BE59B518C504D300FE608F /* .gitignore */,
				52BE59C418C504D300FE608F /* lib */,
				52BE59CF18C504D300FE608F /* license.md */,
				52BE59D018C504D300FE608F /* readme.md */,
				52BE59D118C504D300FE608F /* src */,
			);
			name = ofxAudioDecoder;
			path = requirements/ofxAudioDecoder;
			sourceTree = SOURCE_ROOT;
		};
		52BE59C418C504D300FE608F /* lib */ = {
			isa = PBXGroup;
			children = (
				52BE59C518C504D300FE608F /* include */,
				52BE59CC18C504D300FE608F /* src */,
			);
			name = lib;
			path = requirements/ofxAudioDecoder/lib;
			sourceTree = SOURCE_ROOT;
		};
		52BE59C518C504D300FE608F /* include */ = {
			isa = PBXGroup;
			children = (
				52BE59C618C504D300FE608F /* apple */,
				52BE59C918C504D300FE608F /* audiodecoder.h */,
				52BE59CA18C504D300FE608F /* audiodecoderbase.h */,
				52BE59CB18C504D300FE608F /* audiodecodercoreaudio.h */,
			);
			name = include;
			path = requirements/ofxAudioDecoder/lib/include;
			sourceTree = SOURCE_ROOT;
		};
		52BE59C618C504D300FE608F /* apple */ = {
			isa = PBXGroup;
			children = (
				52BE59C718C504D300FE608F /* CADebugMacros.h */,
				52BE59C818C504D300FE608F /* CAStreamBasicDescription.h */,
			);
			name = apple;
			path = requirements/ofxAudioDecoder/lib/include/apple;
			sourceTree = SOURCE_ROOT;
		};
		52BE59CC18C504D300FE608F /* src */ = {
			isa = PBXGroup;
			children = (
				52BE59CD18C504D300FE608F /* audiodecoderbase.cpp */,
				52BE59CE18C504D300FE608F /* audiodecodercoreaudio.cpp */,
			);
			name = src;
			path = requirements/ofxAudioDecoder/lib/src;
			sourceTree = SOURCE_ROOT;
		};
		52BE59D118C504D300FE608F /* src */ = {
			isa = PBXGroup;
			children = (
				52BE59D218C504D300FE608F /* ofxAudioDecoder.h */,
			);
			name = src;
			path = requirements/ofxAudioDecoder/src;
			sourceTree = SOURCE_ROOT;
		};
		52F4E8EC18C5EC2F009616A5 /* ofxCocoaGLView */ = {
			isa = PBXGroup;
			children = (
				52F4E8ED18C5EC2F009616A5 /* .gitignore */,
				52F4E8EE18C5EC2F009616A5 /* src */,
			);
			path = ofxCocoaGLView;
			sourceTree = "<group>";
		};
		52F4E8EE18C5EC2F009616A5 /* src */ = {
			isa = PBXGroup;
			children = (
				52F4E8EF18C5EC2F009616A5 /* ofxCocoaGLView.h */,
				52F4E8F018C5EC2F009616A5 /* ofxCocoaGLView.mm */,
			);
			path = src;
			sourceTree = "<group>";
		};
		BB4B014C10F69532006C3DED /* addons */ = {
			isa = PBXGroup;
			children = (
			);
			name = addons;
			sourceTree = "<group>";
		};
		BBAB23C913894ECA00AA2426 /* system frameworks */ = {
			isa = PBXGroup;
			children = (
				E7F985F515E0DE99003869B5 /* Accelerate.framework */,
				E4C2424410CC5A17004149E2 /* AppKit.framework */,
				E4C2424510CC5A17004149E2 /* Cocoa.framework */,
				E4C2424610CC5A17004149E2 /* IOKit.framework */,
				E45BE9710E8CC7DD009D7055 /* AGL.framework */,
				E45BE9720E8CC7DD009D7055 /* ApplicationServices.framework */,
				E45BE9730E8CC7DD009D7055 /* AudioToolbox.framework */,
				E45BE9740E8CC7DD009D7055 /* Carbon.framework */,
				E45BE9750E8CC7DD009D7055 /* CoreAudio.framework */,
				E45BE9760E8CC7DD009D7055 /* CoreFoundation.framework */,
				E45BE9770E8CC7DD009D7055 /* CoreServices.framework */,
				E45BE9790E8CC7DD009D7055 /* OpenGL.framework */,
				E45BE97A0E8CC7DD009D7055 /* QuickTime.framework */,
				E7E077E415D3B63C0020DFD4 /* CoreVideo.framework */,
				E7E077E715D3B6510020DFD4 /* QTKit.framework */,
			);
			name = "system frameworks";
			sourceTree = "<group>";
		};
		BBAB23CA13894EDB00AA2426 /* 3rd party frameworks */ = {
			isa = PBXGroup;
			children = (
				C7EDE54018A9070000E3C5C1 /* GLUT.framework */,
			);
			name = "3rd party frameworks";
			sourceTree = "<group>";
		};
		C7AD8BC718B57ADC0001746B /* bin */ = {
			isa = PBXGroup;
			children = (
				C7AD8BC818B57ADC0001746B /* data */,
				C7AD8BCA18B57ADC0001746B /* refreq2.app */,
			);
			path = bin;
			sourceTree = "<group>";
		};
		C7AD8BC818B57ADC0001746B /* data */ = {
			isa = PBXGroup;
			children = (
				521B29A118F0E1B1003553F5 /* Credits.html */,
				52F4E8F318C5F0B0009616A5 /* MainMenu.xib */,
				524F6AE218C733BA00F8695B /* Media.xcassets */,
				C7AD8BCD18B57AFA0001746B /* main.jpg */,
			);
			path = data;
			sourceTree = "<group>";
		};
		C7CA80D618B9FC77005858C5 /* ofxFft */ = {
			isa = PBXGroup;
			children = (
				C7CA80D718B9FC77005858C5 /* .gitignore */,
				C7CA80FE18B9FC77005858C5 /* libs */,
				C7CA810A18B9FC77005858C5 /* ofxaddons_thumbnail.png */,
				C7CA810B18B9FC77005858C5 /* readme.md */,
				C7CA810C18B9FC77005858C5 /* src */,
			);
			name = ofxFft;
			path = requirements/ofxFft;
			sourceTree = SOURCE_ROOT;
		};
		C7CA80FE18B9FC77005858C5 /* libs */ = {
			isa = PBXGroup;
			children = (
				C7CA80FF18B9FC77005858C5 /* fftw */,
				C7CA810418B9FC77005858C5 /* kiss */,
			);
			name = libs;
			path = requirements/ofxFft/libs;
			sourceTree = SOURCE_ROOT;
		};
		C7CA80FF18B9FC77005858C5 /* fftw */ = {
			isa = PBXGroup;
			children = (
				C7CA810018B9FC77005858C5 /* include */,
				C7CA810218B9FC77005858C5 /* lib */,
			);
			name = fftw;
			path = requirements/ofxFft/libs/fftw;
			sourceTree = SOURCE_ROOT;
		};
		C7CA810018B9FC77005858C5 /* include */ = {
			isa = PBXGroup;
			children = (
				C7CA810118B9FC77005858C5 /* fftw3.h */,
			);
			name = include;
			path = requirements/ofxFft/libs/fftw/include;
			sourceTree = SOURCE_ROOT;
		};
		C7CA810218B9FC77005858C5 /* lib */ = {
			isa = PBXGroup;
			children = (
			);
			name = lib;
			path = requirements/ofxFft/libs/fftw/lib;
			sourceTree = SOURCE_ROOT;
		};
		C7CA810418B9FC77005858C5 /* kiss */ = {
			isa = PBXGroup;
			children = (
				C7CA810518B9FC77005858C5 /* _kiss_fft_guts.h */,
				C7CA810618B9FC77005858C5 /* kiss_fft.c */,
				C7CA810718B9FC77005858C5 /* kiss_fft.h */,
				C7CA810818B9FC77005858C5 /* kiss_fftr.c */,
				C7CA810918B9FC77005858C5 /* kiss_fftr.h */,
			);
			name = kiss;
			path = requirements/ofxFft/libs/kiss;
			sourceTree = SOURCE_ROOT;
		};
		C7CA810C18B9FC77005858C5 /* src */ = {
			isa = PBXGroup;
			children = (
				C7CA810D18B9FC77005858C5 /* ofxEasyFft.cpp */,
				C7CA810E18B9FC77005858C5 /* ofxEasyFft.h */,
				C7CA810F18B9FC77005858C5 /* ofxFft.cpp */,
				C7CA811018B9FC77005858C5 /* ofxFft.h */,
				C7CA811118B9FC77005858C5 /* ofxFftBasic.cpp */,
				C7CA811218B9FC77005858C5 /* ofxFftBasic.h */,
				C7CA811318B9FC77005858C5 /* ofxFftw.cpp */,
				C7CA811418B9FC77005858C5 /* ofxFftw.h */,
			);
			path = src;
			sourceTree = "<group>";
		};
		C7EDE53918A906A600E3C5C1 /* Products */ = {
			isa = PBXGroup;
			children = (
				C7EDE53D18A906A600E3C5C1 /* openFrameworksDebug.a */,
			);
			name = Products;
			sourceTree = "<group>";
		};
		C7F960D718B584740057243B /* requirements */ = {
			isa = PBXGroup;
			children = (
				52F4E8EC18C5EC2F009616A5 /* ofxCocoaGLView */,
				C7CA80D618B9FC77005858C5 /* ofxFft */,
				52BE59B418C504D300FE608F /* ofxAudioDecoder */,
			);
			path = requirements;
			sourceTree = "<group>";
		};
		E45BE5980E8CC70C009D7055 /* frameworks */ = {
			isa = PBXGroup;
			children = (
				BBAB23CA13894EDB00AA2426 /* 3rd party frameworks */,
				BBAB23C913894ECA00AA2426 /* system frameworks */,
			);
			name = frameworks;
			sourceTree = "<group>";
		};
		E4B69B4A0A3A1720003C02F2 = {
			isa = PBXGroup;
			children = (
				52AD05E818CDF45400395463 /* GLUT.framework */,
				C7DA746C18BCFE5600430C64 /* rrr.icns */,
				C7EDE54318A920B500E3C5C1 /* openFrameworksDebug.a */,
				E4B6FCAD0C3E899E008CF71C /* openFrameworks-Info.plist */,
				E4EB6923138AFD0F00A09F29 /* Project.xcconfig */,
				C7ECF46018C470BA00484937 /* fftw3f.a */,
				C7AD8BC718B57ADC0001746B /* bin */,
				E4B69E1C0A3A1BDC003C02F2 /* src */,
				C7F960D718B584740057243B /* requirements */,
				E4EEC9E9138DF44700A80321 /* openFrameworks */,
				BB4B014C10F69532006C3DED /* addons */,
				E45BE5980E8CC70C009D7055 /* frameworks */,
				E4B69B5B0A3A1756003C02F2 /* refreq2Debug.app */,
			);
			sourceTree = "<group>";
		};
		E4B69E1C0A3A1BDC003C02F2 /* src */ = {
			isa = PBXGroup;
			children = (
				C7EF20F618B2ABB60016EE43 /* refreqConstans.h */,
				E4B69E1D0A3A1BDC003C02F2 /* main.m */,
				52FCB77418C5E29800DB745E /* ControlDelegate.mm */,
				52FCB77318C5E29800DB745E /* ControlDelegate.h */,
				52ABDAE018C5C3E600F54879 /* AppDelegate.m */,
				52ABDADF18C5C3E600F54879 /* AppDelegate.h */,
				E4B69E1E0A3A1BDC003C02F2 /* refreq2.mm */,
				E4B69E1F0A3A1BDC003C02F2 /* refreq2.h */,
				52F4E8F618C5FACD009616A5 /* refreqSynth.cpp */,
				52F4E8F718C5FACD009616A5 /* refreqSynth.h */,
				C7F3218218A2CA61008C9295 /* Gui.cpp */,
				C7F3218318A2CA61008C9295 /* Gui.h */,
				C7F3217318A2C7EC008C9295 /* Loader.cpp */,
				C7F3217418A2C7EC008C9295 /* Loader.h */,
				C7F3217618A2C84D008C9295 /* Player.cpp */,
				C7F3217718A2C84D008C9295 /* Player.h */,
				C7F3217918A2C878008C9295 /* Vinyl.cpp */,
				C7F3217A18A2C878008C9295 /* Vinyl.h */,
				C7F3217C18A2C914008C9295 /* PixelPickup.cpp */,
				C7F3217D18A2C914008C9295 /* PixelPickup.h */,
				C7F3217F18A2C990008C9295 /* Synthetizer.cpp */,
				C7F3218018A2C990008C9295 /* Synthetizer.h */,
			);
			path = src;
			sourceTree = SOURCE_ROOT;
		};
		E4EEC9E9138DF44700A80321 /* openFrameworks */ = {
			isa = PBXGroup;
			children = (
				C7EDE53718A906A600E3C5C1 /* CoreOF.xcconfig */,
				C7EDE53818A906A600E3C5C1 /* openFrameworksLib.xcodeproj */,
			);
			name = openFrameworks;
			sourceTree = "<group>";
		};
/* End PBXGroup section */

/* Begin PBXNativeTarget section */
		E4B69B5A0A3A1756003C02F2 /* refreq2 */ = {
			isa = PBXNativeTarget;
			buildConfigurationList = E4B69B5F0A3A1757003C02F2 /* Build configuration list for PBXNativeTarget "refreq2" */;
			buildPhases = (
				E4B69B580A3A1756003C02F2 /* Sources */,
				E4B69B590A3A1756003C02F2 /* Frameworks */,
				E4B6FFFD0C3F9AB9008CF71C /* Run Script */,
				C7F960D318B57C700057243B /* CopyFiles */,
				52F4E8F418C5F0F3009616A5 /* Resources */,
			);
			buildRules = (
			);
			dependencies = (
			);
			name = refreq2;
			productName = myOFApp;
			productReference = E4B69B5B0A3A1756003C02F2 /* refreq2Debug.app */;
			productType = "com.apple.product-type.application";
		};
/* End PBXNativeTarget section */

/* Begin PBXProject section */
		E4B69B4C0A3A1720003C02F2 /* Project object */ = {
			isa = PBXProject;
			attributes = {
				LastUpgradeCheck = 0500;
			};
			buildConfigurationList = E4B69B4D0A3A1720003C02F2 /* Build configuration list for PBXProject "refreq2" */;
			compatibilityVersion = "Xcode 3.2";
			developmentRegion = English;
			hasScannedForEncodings = 0;
			knownRegions = (
				English,
				Japanese,
				French,
				German,
			);
			mainGroup = E4B69B4A0A3A1720003C02F2;
			productRefGroup = E4B69B4A0A3A1720003C02F2;
			projectDirPath = "";
			projectReferences = (
				{
					ProductGroup = C7EDE53918A906A600E3C5C1 /* Products */;
					ProjectRef = C7EDE53818A906A600E3C5C1 /* openFrameworksLib.xcodeproj */;
				},
			);
			projectRoot = "";
			targets = (
				E4B69B5A0A3A1756003C02F2 /* refreq2 */,
			);
		};
/* End PBXProject section */

/* Begin PBXReferenceProxy section */
		C7EDE53D18A906A600E3C5C1 /* openFrameworksDebug.a */ = {
			isa = PBXReferenceProxy;
			fileType = archive.ar;
			path = openFrameworksDebug.a;
			remoteRef = C7EDE53C18A906A600E3C5C1 /* PBXContainerItemProxy */;
			sourceTree = BUILT_PRODUCTS_DIR;
		};
/* End PBXReferenceProxy section */

/* Begin PBXResourcesBuildPhase section */
		52F4E8F418C5F0F3009616A5 /* Resources */ = {
			isa = PBXResourcesBuildPhase;
			buildActionMask = 2147483647;
			files = (
				524F6AE318C733BA00F8695B /* Media.xcassets in Resources */,
				521B29A218F0E1B1003553F5 /* Credits.html in Resources */,
				52F4E8F518C5F0F9009616A5 /* MainMenu.xib in Resources */,
				52AD05E518CDF37700395463 /* main.jpg in Resources */,
			);
			runOnlyForDeploymentPostprocessing = 0;
		};
/* End PBXResourcesBuildPhase section */

/* Begin PBXShellScriptBuildPhase section */
		E4B6FFFD0C3F9AB9008CF71C /* Run Script */ = {
			isa = PBXShellScriptBuildPhase;
			buildActionMask = 12;
			files = (
			);
			inputPaths = (
			);
			name = "Run Script";
			outputPaths = (
			);
			runOnlyForDeploymentPostprocessing = 0;
			shellPath = /bin/sh;
			shellScript = "cp -f requirements/openFrameworks/libs/fmodex/lib/osx/libfmodex.dylib \"$TARGET_BUILD_DIR/$PRODUCT_NAME.app/Contents/MacOS/libfmodex.dylib\";\ninstall_name_tool -change ./libfmodex.dylib @executable_path/libfmodex.dylib \"$TARGET_BUILD_DIR/$PRODUCT_NAME.app/Contents/MacOS/$PRODUCT_NAME\";\n";
		};
/* End PBXShellScriptBuildPhase section */

/* Begin PBXSourcesBuildPhase section */
		E4B69B580A3A1756003C02F2 /* Sources */ = {
			isa = PBXSourcesBuildPhase;
			buildActionMask = 2147483647;
			files = (
				52F4E8F218C5ED36009616A5 /* ofxCocoaGLView.mm in Sources */,
				C7F3217818A2C84D008C9295 /* Player.cpp in Sources */,
				E4B69E200A3A1BDC003C02F2 /* main.m in Sources */,
				C7F3217518A2C7EC008C9295 /* Loader.cpp in Sources */,
				52FCB77518C5E29800DB745E /* ControlDelegate.mm in Sources */,
				E4B69E210A3A1BDC003C02F2 /* refreq2.mm in Sources */,
				52ABDAE118C5C3E600F54879 /* AppDelegate.m in Sources */,
				C7F3217E18A2C914008C9295 /* PixelPickup.cpp in Sources */,
				C7F3218418A2CA61008C9295 /* Gui.cpp in Sources */,
				C7F3218118A2C990008C9295 /* Synthetizer.cpp in Sources */,
				C7F3217B18A2C878008C9295 /* Vinyl.cpp in Sources */,
				52BE59D618C5050400FE608F /* audiodecoderbase.cpp in Sources */,
				52BE59D718C5050700FE608F /* audiodecodercoreaudio.cpp in Sources */,
				C7CA812618BA02BB005858C5 /* kiss_fft.c in Sources */,
				C7CA812718BA02BB005858C5 /* kiss_fftr.c in Sources */,
				C7CA812F18BA02EB005858C5 /* ofxFft.cpp in Sources */,
				C7CA813018BA02EB005858C5 /* ofxFftBasic.cpp in Sources */,
				C7CA813118BA02EB005858C5 /* ofxFftw.cpp in Sources */,
				52F4E8F818C5FACD009616A5 /* refreqSynth.cpp in Sources */,
			);
			runOnlyForDeploymentPostprocessing = 0;
		};
/* End PBXSourcesBuildPhase section */

/* Begin XCBuildConfiguration section */
		E4B69B4E0A3A1720003C02F2 /* Debug */ = {
			isa = XCBuildConfiguration;
			baseConfigurationReference = E4EB6923138AFD0F00A09F29 /* Project.xcconfig */;
			buildSettings = {
				ARCHS = "$(ARCHS_STANDARD_32_BIT)";
				CONFIGURATION_BUILD_DIR = "$(SRCROOT)/bin/";
				COPY_PHASE_STRIP = NO;
				DEAD_CODE_STRIPPING = YES;
				GCC_AUTO_VECTORIZATION = YES;
				GCC_ENABLE_SSE3_EXTENSIONS = YES;
				GCC_ENABLE_SUPPLEMENTAL_SSE3_INSTRUCTIONS = YES;
				GCC_INLINES_ARE_PRIVATE_EXTERN = NO;
				GCC_OPTIMIZATION_LEVEL = 0;
				GCC_SYMBOLS_PRIVATE_EXTERN = NO;
				GCC_WARN_ABOUT_DEPRECATED_FUNCTIONS = YES;
				GCC_WARN_ABOUT_INVALID_OFFSETOF_MACRO = NO;
				GCC_WARN_ALLOW_INCOMPLETE_PROTOCOL = NO;
				GCC_WARN_UNINITIALIZED_AUTOS = NO;
				GCC_WARN_UNUSED_VALUE = NO;
				GCC_WARN_UNUSED_VARIABLE = NO;
				MACOSX_DEPLOYMENT_TARGET = 10.6;
				ONLY_ACTIVE_ARCH = NO;
				OTHER_CPLUSPLUSFLAGS = (
					"-D__MACOSX_CORE__",
					"-lpthread",
					"-mtune=native",
				);
				SDKROOT = macosx;
			};
			name = Debug;
		};
		E4B69B4F0A3A1720003C02F2 /* Release */ = {
			isa = XCBuildConfiguration;
			baseConfigurationReference = E4EB6923138AFD0F00A09F29 /* Project.xcconfig */;
			buildSettings = {
				ARCHS = "$(ARCHS_STANDARD_32_BIT)";
				CONFIGURATION_BUILD_DIR = "$(SRCROOT)/bin/";
				COPY_PHASE_STRIP = YES;
				DEAD_CODE_STRIPPING = YES;
				GCC_AUTO_VECTORIZATION = YES;
				GCC_ENABLE_SSE3_EXTENSIONS = YES;
				GCC_ENABLE_SUPPLEMENTAL_SSE3_INSTRUCTIONS = YES;
				GCC_INLINES_ARE_PRIVATE_EXTERN = NO;
				GCC_OPTIMIZATION_LEVEL = 3;
				GCC_SYMBOLS_PRIVATE_EXTERN = NO;
				GCC_UNROLL_LOOPS = YES;
				GCC_WARN_ABOUT_DEPRECATED_FUNCTIONS = YES;
				GCC_WARN_ABOUT_INVALID_OFFSETOF_MACRO = NO;
				GCC_WARN_ALLOW_INCOMPLETE_PROTOCOL = NO;
				GCC_WARN_UNINITIALIZED_AUTOS = NO;
				GCC_WARN_UNUSED_VALUE = NO;
				GCC_WARN_UNUSED_VARIABLE = NO;
				MACOSX_DEPLOYMENT_TARGET = 10.6;
				ONLY_ACTIVE_ARCH = NO;
				OTHER_CPLUSPLUSFLAGS = (
					"-D__MACOSX_CORE__",
					"-lpthread",
					"-mtune=native",
				);
				SDKROOT = macosx;
			};
			name = Release;
		};
		E4B69B600A3A1757003C02F2 /* Debug */ = {
			isa = XCBuildConfiguration;
			buildSettings = {
				ARCHS = "$(ARCHS_STANDARD_32_BIT)";
				ASSETCATALOG_COMPILER_APPICON_NAME = AppIcon;
				COMBINE_HIDPI_IMAGES = YES;
				COPY_PHASE_STRIP = NO;
				FRAMEWORK_SEARCH_PATHS = (
					"$(inherited)",
					"$(FRAMEWORK_SEARCH_PATHS_QUOTED_FOR_TARGET_1)",
					/System/Library/Frameworks,
					/Users/danielfeles/Documents/refreq2/requirements/openFrameworks/libs/glut/lib/osx,
				);
				GCC_DYNAMIC_NO_PIC = NO;
				GCC_GENERATE_DEBUGGING_SYMBOLS = YES;
				GCC_MODEL_TUNING = G5;
				INFOPLIST_FILE = "openFrameworks-Info.plist";
				INSTALL_PATH = "$(HOME)/Applications";
				LIBRARY_SEARCH_PATHS = (
					"$(inherited)",
					"$(LIBRARY_SEARCH_PATHS_QUOTED_FOR_TARGET_1)",
					"$(LIBRARY_SEARCH_PATHS_QUOTED_FOR_TARGET_2)",
					"$(LIBRARY_SEARCH_PATHS_QUOTED_FOR_TARGET_3)",
					"$(LIBRARY_SEARCH_PATHS_QUOTED_FOR_TARGET_4)",
					"$(LIBRARY_SEARCH_PATHS_QUOTED_FOR_TARGET_5)",
					"$(LIBRARY_SEARCH_PATHS_QUOTED_FOR_TARGET_6)",
					"$(LIBRARY_SEARCH_PATHS_QUOTED_FOR_TARGET_7)",
					"$(LIBRARY_SEARCH_PATHS_QUOTED_FOR_TARGET_8)",
					"$(LIBRARY_SEARCH_PATHS_QUOTED_FOR_TARGET_9)",
					"$(LIBRARY_SEARCH_PATHS_QUOTED_FOR_TARGET_10)",
					"$(LIBRARY_SEARCH_PATHS_QUOTED_FOR_TARGET_11)",
					"$(LIBRARY_SEARCH_PATHS_QUOTED_FOR_TARGET_12)",
					"$(LIBRARY_SEARCH_PATHS_QUOTED_FOR_TARGET_13)",
					"$(LIBRARY_SEARCH_PATHS_QUOTED_FOR_TARGET_14)",
					"$(LIBRARY_SEARCH_PATHS_QUOTED_FOR_TARGET_15)",
					"$(LIBRARY_SEARCH_PATHS_QUOTED_FOR_TARGET_2)",
					"$(LIBRARY_SEARCH_PATHS_QUOTED_FOR_TARGET_3)",
					"$(LIBRARY_SEARCH_PATHS_QUOTED_FOR_TARGET_7)",
					"$(LIBRARY_SEARCH_PATHS_QUOTED_FOR_TARGET_8)",
					"$(LIBRARY_SEARCH_PATHS_QUOTED_FOR_TARGET_9)",
					"$(LIBRARY_SEARCH_PATHS_QUOTED_FOR_TARGET_10)",
					"$(LIBRARY_SEARCH_PATHS_QUOTED_FOR_TARGET_11)",
					"$(LIBRARY_SEARCH_PATHS_QUOTED_FOR_TARGET_12)",
					"$(LIBRARY_SEARCH_PATHS_QUOTED_FOR_TARGET_13)",
					"$(LIBRARY_SEARCH_PATHS_QUOTED_FOR_TARGET_16)",
					"$(LIBRARY_SEARCH_PATHS_QUOTED_FOR_TARGET_17)",
					"$(LIBRARY_SEARCH_PATHS_QUOTED_FOR_TARGET_18)",
					"$(LIBRARY_SEARCH_PATHS_QUOTED_FOR_TARGET_19)",
					"$(LIBRARY_SEARCH_PATHS_QUOTED_FOR_TARGET_20)",
					"$(LIBRARY_SEARCH_PATHS_QUOTED_FOR_TARGET_21)",
					"$(LIBRARY_SEARCH_PATHS_QUOTED_FOR_TARGET_22)",
					"$(LIBRARY_SEARCH_PATHS_QUOTED_FOR_TARGET_23)",
					"$(LIBRARY_SEARCH_PATHS_QUOTED_FOR_TARGET_24)",
					"$(LIBRARY_SEARCH_PATHS_QUOTED_FOR_TARGET_25)",
					"$(LIBRARY_SEARCH_PATHS_QUOTED_FOR_TARGET_26)",
					"$(LIBRARY_SEARCH_PATHS_QUOTED_FOR_TARGET_27)",
					"$(LIBRARY_SEARCH_PATHS_QUOTED_FOR_TARGET_28)",
					"$(LIBRARY_SEARCH_PATHS_QUOTED_FOR_TARGET_29)",
					"$(LIBRARY_SEARCH_PATHS_QUOTED_FOR_TARGET_30)",
					"$(LIBRARY_SEARCH_PATHS_QUOTED_FOR_TARGET_31)",
					"$(LIBRARY_SEARCH_PATHS_QUOTED_FOR_TARGET_32)",
					"$(LIBRARY_SEARCH_PATHS_QUOTED_FOR_TARGET_33)",
					"$(LIBRARY_SEARCH_PATHS_QUOTED_FOR_TARGET_34)",
					"$(LIBRARY_SEARCH_PATHS_QUOTED_FOR_TARGET_35)",
					"$(LIBRARY_SEARCH_PATHS_QUOTED_FOR_TARGET_36)",
					"$(LIBRARY_SEARCH_PATHS_QUOTED_FOR_TARGET_37)",
					"$(LIBRARY_SEARCH_PATHS_QUOTED_FOR_TARGET_38)",
					"$(LIBRARY_SEARCH_PATHS_QUOTED_FOR_TARGET_39)",
					"$(LIBRARY_SEARCH_PATHS_QUOTED_FOR_TARGET_40)",
					"$(LIBRARY_SEARCH_PATHS_QUOTED_FOR_TARGET_41)",
					"$(LIBRARY_SEARCH_PATHS_QUOTED_FOR_TARGET_42)",
					"$(LIBRARY_SEARCH_PATHS_QUOTED_FOR_TARGET_43)",
					"$(LIBRARY_SEARCH_PATHS_QUOTED_FOR_TARGET_44)",
					"$(LIBRARY_SEARCH_PATHS_QUOTED_FOR_TARGET_45)",
					"$(LIBRARY_SEARCH_PATHS_QUOTED_FOR_TARGET_46)",
					"$(LIBRARY_SEARCH_PATHS_QUOTED_FOR_TARGET_47)",
					"$(LIBRARY_SEARCH_PATHS_QUOTED_FOR_TARGET_48)",
					"$(LIBRARY_SEARCH_PATHS_QUOTED_FOR_TARGET_49)",
					"$(LIBRARY_SEARCH_PATHS_QUOTED_FOR_TARGET_50)",
					"$(LIBRARY_SEARCH_PATHS_QUOTED_FOR_TARGET_51)",
					"$(LIBRARY_SEARCH_PATHS_QUOTED_FOR_TARGET_52)",
					/Users/danielfeles/Documents/refreq2/requirements/openFrameworks/libs/openFrameworksCompiled/lib/osx,
					"/Users/danielfeles/Documents/refreq2/requirements/ofxFft/example-basic/lib/osx",
					/Users/danielfeles/Documents/refreq2,
				);
				MACOSX_DEPLOYMENT_TARGET = 10.8;
				PRODUCT_NAME = "$(TARGET_NAME)Debug";
				SDKROOT = macosx10.9;
				WRAPPER_EXTENSION = app;
			};
			name = Debug;
		};
		E4B69B610A3A1757003C02F2 /* Release */ = {
			isa = XCBuildConfiguration;
			buildSettings = {
				ARCHS = "$(ARCHS_STANDARD_32_BIT)";
				ASSETCATALOG_COMPILER_APPICON_NAME = AppIcon;
				COMBINE_HIDPI_IMAGES = YES;
				COPY_PHASE_STRIP = YES;
				FRAMEWORK_SEARCH_PATHS = (
					"$(inherited)",
					"$(FRAMEWORK_SEARCH_PATHS_QUOTED_FOR_TARGET_1)",
					/System/Library/Frameworks,
					/Users/danielfeles/Documents/refreq2/requirements/openFrameworks/libs/glut/lib/osx,
				);
				GCC_GENERATE_DEBUGGING_SYMBOLS = YES;
				GCC_MODEL_TUNING = G5;
				INFOPLIST_FILE = "openFrameworks-Info.plist";
				INSTALL_PATH = "$(HOME)/Applications";
				LIBRARY_SEARCH_PATHS = (
					"$(inherited)",
					"$(LIBRARY_SEARCH_PATHS_QUOTED_FOR_TARGET_1)",
					"$(LIBRARY_SEARCH_PATHS_QUOTED_FOR_TARGET_2)",
					"$(LIBRARY_SEARCH_PATHS_QUOTED_FOR_TARGET_3)",
					"$(LIBRARY_SEARCH_PATHS_QUOTED_FOR_TARGET_4)",
					"$(LIBRARY_SEARCH_PATHS_QUOTED_FOR_TARGET_5)",
					"$(LIBRARY_SEARCH_PATHS_QUOTED_FOR_TARGET_6)",
					"$(LIBRARY_SEARCH_PATHS_QUOTED_FOR_TARGET_7)",
					"$(LIBRARY_SEARCH_PATHS_QUOTED_FOR_TARGET_8)",
					"$(LIBRARY_SEARCH_PATHS_QUOTED_FOR_TARGET_9)",
					"$(LIBRARY_SEARCH_PATHS_QUOTED_FOR_TARGET_10)",
					"$(LIBRARY_SEARCH_PATHS_QUOTED_FOR_TARGET_11)",
					"$(LIBRARY_SEARCH_PATHS_QUOTED_FOR_TARGET_12)",
					"$(LIBRARY_SEARCH_PATHS_QUOTED_FOR_TARGET_13)",
					"$(LIBRARY_SEARCH_PATHS_QUOTED_FOR_TARGET_14)",
					"$(LIBRARY_SEARCH_PATHS_QUOTED_FOR_TARGET_15)",
					"$(LIBRARY_SEARCH_PATHS_QUOTED_FOR_TARGET_2)",
					"$(LIBRARY_SEARCH_PATHS_QUOTED_1)",
					"$(LIBRARY_SEARCH_PATHS_QUOTED_FOR_TARGET_3)",
					"$(LIBRARY_SEARCH_PATHS_QUOTED_FOR_TARGET_7)",
					"$(LIBRARY_SEARCH_PATHS_QUOTED_FOR_TARGET_8)",
					"$(LIBRARY_SEARCH_PATHS_QUOTED_FOR_TARGET_9)",
					"$(LIBRARY_SEARCH_PATHS_QUOTED_FOR_TARGET_10)",
					"$(LIBRARY_SEARCH_PATHS_QUOTED_FOR_TARGET_11)",
					"$(LIBRARY_SEARCH_PATHS_QUOTED_FOR_TARGET_12)",
					"$(LIBRARY_SEARCH_PATHS_QUOTED_FOR_TARGET_13)",
					"$(LIBRARY_SEARCH_PATHS_QUOTED_FOR_TARGET_16)",
					"$(LIBRARY_SEARCH_PATHS_QUOTED_FOR_TARGET_17)",
					"$(LIBRARY_SEARCH_PATHS_QUOTED_FOR_TARGET_18)",
					"$(LIBRARY_SEARCH_PATHS_QUOTED_FOR_TARGET_19)",
					"$(LIBRARY_SEARCH_PATHS_QUOTED_FOR_TARGET_20)",
					"$(LIBRARY_SEARCH_PATHS_QUOTED_FOR_TARGET_21)",
					"$(LIBRARY_SEARCH_PATHS_QUOTED_FOR_TARGET_22)",
					"$(LIBRARY_SEARCH_PATHS_QUOTED_FOR_TARGET_23)",
					"$(LIBRARY_SEARCH_PATHS_QUOTED_FOR_TARGET_24)",
					"$(LIBRARY_SEARCH_PATHS_QUOTED_FOR_TARGET_25)",
					"$(LIBRARY_SEARCH_PATHS_QUOTED_FOR_TARGET_26)",
					"$(LIBRARY_SEARCH_PATHS_QUOTED_FOR_TARGET_27)",
					"$(LIBRARY_SEARCH_PATHS_QUOTED_FOR_TARGET_28)",
					"$(LIBRARY_SEARCH_PATHS_QUOTED_FOR_TARGET_29)",
					"$(LIBRARY_SEARCH_PATHS_QUOTED_FOR_TARGET_30)",
					"$(LIBRARY_SEARCH_PATHS_QUOTED_FOR_TARGET_31)",
					"$(LIBRARY_SEARCH_PATHS_QUOTED_FOR_TARGET_32)",
					"$(LIBRARY_SEARCH_PATHS_QUOTED_FOR_TARGET_33)",
					"$(LIBRARY_SEARCH_PATHS_QUOTED_FOR_TARGET_34)",
					"$(LIBRARY_SEARCH_PATHS_QUOTED_FOR_TARGET_35)",
					"$(LIBRARY_SEARCH_PATHS_QUOTED_FOR_TARGET_36)",
					"$(LIBRARY_SEARCH_PATHS_QUOTED_FOR_TARGET_37)",
					"$(LIBRARY_SEARCH_PATHS_QUOTED_FOR_TARGET_38)",
					"$(LIBRARY_SEARCH_PATHS_QUOTED_FOR_TARGET_39)",
					"$(LIBRARY_SEARCH_PATHS_QUOTED_FOR_TARGET_40)",
					"$(LIBRARY_SEARCH_PATHS_QUOTED_FOR_TARGET_41)",
					"$(LIBRARY_SEARCH_PATHS_QUOTED_FOR_TARGET_42)",
					"$(LIBRARY_SEARCH_PATHS_QUOTED_FOR_TARGET_43)",
					"$(LIBRARY_SEARCH_PATHS_QUOTED_FOR_TARGET_44)",
					"$(LIBRARY_SEARCH_PATHS_QUOTED_FOR_TARGET_45)",
					"$(LIBRARY_SEARCH_PATHS_QUOTED_FOR_TARGET_46)",
					"$(LIBRARY_SEARCH_PATHS_QUOTED_FOR_TARGET_47)",
					"$(LIBRARY_SEARCH_PATHS_QUOTED_FOR_TARGET_48)",
					"$(LIBRARY_SEARCH_PATHS_QUOTED_FOR_TARGET_49)",
					"$(LIBRARY_SEARCH_PATHS_QUOTED_FOR_TARGET_50)",
					"$(LIBRARY_SEARCH_PATHS_QUOTED_FOR_TARGET_51)",
					/Users/danielfeles/Documents/refreq2/requirements/openFrameworks/libs/openFrameworksCompiled/lib/osx,
					"/Users/danielfeles/Documents/refreq2/requirements/ofxFft/example-basic/lib/osx",
					/Users/danielfeles/Documents/refreq2,
				);
				MACOSX_DEPLOYMENT_TARGET = 10.8;
				PRODUCT_NAME = "$(TARGET_NAME)";
				SDKROOT = macosx10.9;
				WRAPPER_EXTENSION = app;
			};
			name = Release;
		};
/* End XCBuildConfiguration section */

/* Begin XCConfigurationList section */
		E4B69B4D0A3A1720003C02F2 /* Build configuration list for PBXProject "refreq2" */ = {
			isa = XCConfigurationList;
			buildConfigurations = (
				E4B69B4E0A3A1720003C02F2 /* Debug */,
				E4B69B4F0A3A1720003C02F2 /* Release */,
			);
			defaultConfigurationIsVisible = 0;
			defaultConfigurationName = Release;
		};
		E4B69B5F0A3A1757003C02F2 /* Build configuration list for PBXNativeTarget "refreq2" */ = {
			isa = XCConfigurationList;
			buildConfigurations = (
				E4B69B600A3A1757003C02F2 /* Debug */,
				E4B69B610A3A1757003C02F2 /* Release */,
			);
			defaultConfigurationIsVisible = 0;
			defaultConfigurationName = Release;
		};
/* End XCConfigurationList section */
	};
	rootObject = E4B69B4C0A3A1720003C02F2 /* Project object */;
}
