// !$*UTF8*$!
{
	archiveVersion = 1;
	classes = {
	};
	objectVersion = 46;
	objects = {

/* Begin PBXBuildFile section */
		C7CA807218B98E88005858C5 /* audiodecoderbase.cpp in Sources */ = {isa = PBXBuildFile; fileRef = C7CA806918B98E6B005858C5 /* audiodecoderbase.cpp */; };
		C7CA807318B98E88005858C5 /* audiodecodercoreaudio.cpp in Sources */ = {isa = PBXBuildFile; fileRef = C7CA806A18B98E6B005858C5 /* audiodecodercoreaudio.cpp */; };
		C7CA812618BA02BB005858C5 /* kiss_fft.c in Sources */ = {isa = PBXBuildFile; fileRef = C7CA810618B9FC77005858C5 /* kiss_fft.c */; };
		C7CA812718BA02BB005858C5 /* kiss_fftr.c in Sources */ = {isa = PBXBuildFile; fileRef = C7CA810818B9FC77005858C5 /* kiss_fftr.c */; };
		C7CA812C18BA02DB005858C5 /* ofxFft.cpp in CopyFiles */ = {isa = PBXBuildFile; fileRef = C7CA810F18B9FC77005858C5 /* ofxFft.cpp */; };
		C7CA812D18BA02DB005858C5 /* ofxFftBasic.cpp in CopyFiles */ = {isa = PBXBuildFile; fileRef = C7CA811118B9FC77005858C5 /* ofxFftBasic.cpp */; };
		C7CA812E18BA02DB005858C5 /* ofxFftw.cpp in CopyFiles */ = {isa = PBXBuildFile; fileRef = C7CA811318B9FC77005858C5 /* ofxFftw.cpp */; };
		C7CA812F18BA02EB005858C5 /* ofxFft.cpp in Sources */ = {isa = PBXBuildFile; fileRef = C7CA810F18B9FC77005858C5 /* ofxFft.cpp */; };
		C7CA813018BA02EB005858C5 /* ofxFftBasic.cpp in Sources */ = {isa = PBXBuildFile; fileRef = C7CA811118B9FC77005858C5 /* ofxFftBasic.cpp */; };
		C7CA813118BA02EB005858C5 /* ofxFftw.cpp in Sources */ = {isa = PBXBuildFile; fileRef = C7CA811318B9FC77005858C5 /* ofxFftw.cpp */; };
		C7EDE54118A9070000E3C5C1 /* GLUT.framework in Frameworks */ = {isa = PBXBuildFile; fileRef = C7EDE54018A9070000E3C5C1 /* GLUT.framework */; };
		C7EDE54418A920B600E3C5C1 /* openFrameworksDebug.a in Frameworks */ = {isa = PBXBuildFile; fileRef = C7EDE54318A920B500E3C5C1 /* openFrameworksDebug.a */; };
		C7F3217518A2C7EC008C9295 /* Loader.cpp in Sources */ = {isa = PBXBuildFile; fileRef = C7F3217318A2C7EC008C9295 /* Loader.cpp */; };
		C7F3217818A2C84D008C9295 /* Player.cpp in Sources */ = {isa = PBXBuildFile; fileRef = C7F3217618A2C84D008C9295 /* Player.cpp */; };
		C7F3217B18A2C878008C9295 /* Vinyl.cpp in Sources */ = {isa = PBXBuildFile; fileRef = C7F3217918A2C878008C9295 /* Vinyl.cpp */; };
		C7F3217E18A2C914008C9295 /* PixelPickup.cpp in Sources */ = {isa = PBXBuildFile; fileRef = C7F3217C18A2C914008C9295 /* PixelPickup.cpp */; };
		C7F3218118A2C990008C9295 /* Synthetizer.cpp in Sources */ = {isa = PBXBuildFile; fileRef = C7F3217F18A2C990008C9295 /* Synthetizer.cpp */; };
		C7F3218418A2CA61008C9295 /* Gui.cpp in Sources */ = {isa = PBXBuildFile; fileRef = C7F3218218A2CA61008C9295 /* Gui.cpp */; };
		C7F960D418B57C750057243B /* main.jpg in CopyFiles */ = {isa = PBXBuildFile; fileRef = C7AD8BCD18B57AFA0001746B /* main.jpg */; };
		C7FB60C918BB8CBB00312CAA /* fftw3f.a in Frameworks */ = {isa = PBXBuildFile; fileRef = C7FB60C818BB8CBB00312CAA /* fftw3f.a */; };
		E45BE97B0E8CC7DD009D7055 /* AGL.framework in Frameworks */ = {isa = PBXBuildFile; fileRef = E45BE9710E8CC7DD009D7055 /* AGL.framework */; };
		E45BE97C0E8CC7DD009D7055 /* ApplicationServices.framework in Frameworks */ = {isa = PBXBuildFile; fileRef = E45BE9720E8CC7DD009D7055 /* ApplicationServices.framework */; };
		E45BE97D0E8CC7DD009D7055 /* AudioToolbox.framework in Frameworks */ = {isa = PBXBuildFile; fileRef = E45BE9730E8CC7DD009D7055 /* AudioToolbox.framework */; };
		E45BE97E0E8CC7DD009D7055 /* Carbon.framework in Frameworks */ = {isa = PBXBuildFile; fileRef = E45BE9740E8CC7DD009D7055 /* Carbon.framework */; };
		E45BE97F0E8CC7DD009D7055 /* CoreAudio.framework in Frameworks */ = {isa = PBXBuildFile; fileRef = E45BE9750E8CC7DD009D7055 /* CoreAudio.framework */; };
		E45BE9800E8CC7DD009D7055 /* CoreFoundation.framework in Frameworks */ = {isa = PBXBuildFile; fileRef = E45BE9760E8CC7DD009D7055 /* CoreFoundation.framework */; };
		E45BE9810E8CC7DD009D7055 /* CoreServices.framework in Frameworks */ = {isa = PBXBuildFile; fileRef = E45BE9770E8CC7DD009D7055 /* CoreServices.framework */; };
		E45BE9830E8CC7DD009D7055 /* OpenGL.framework in Frameworks */ = {isa = PBXBuildFile; fileRef = E45BE9790E8CC7DD009D7055 /* OpenGL.framework */; };
		E45BE9840E8CC7DD009D7055 /* QuickTime.framework in Frameworks */ = {isa = PBXBuildFile; fileRef = E45BE97A0E8CC7DD009D7055 /* QuickTime.framework */; };
		E4B69E200A3A1BDC003C02F2 /* main.mm in Sources */ = {isa = PBXBuildFile; fileRef = E4B69E1D0A3A1BDC003C02F2 /* main.mm */; };
		E4B69E210A3A1BDC003C02F2 /* refreq2.cpp in Sources */ = {isa = PBXBuildFile; fileRef = E4B69E1E0A3A1BDC003C02F2 /* refreq2.cpp */; };
		E4C2424710CC5A17004149E2 /* AppKit.framework in Frameworks */ = {isa = PBXBuildFile; fileRef = E4C2424410CC5A17004149E2 /* AppKit.framework */; };
		E4C2424810CC5A17004149E2 /* Cocoa.framework in Frameworks */ = {isa = PBXBuildFile; fileRef = E4C2424510CC5A17004149E2 /* Cocoa.framework */; };
		E4C2424910CC5A17004149E2 /* IOKit.framework in Frameworks */ = {isa = PBXBuildFile; fileRef = E4C2424610CC5A17004149E2 /* IOKit.framework */; };
		E7E077E515D3B63C0020DFD4 /* CoreVideo.framework in Frameworks */ = {isa = PBXBuildFile; fileRef = E7E077E415D3B63C0020DFD4 /* CoreVideo.framework */; };
		E7E077E815D3B6510020DFD4 /* QTKit.framework in Frameworks */ = {isa = PBXBuildFile; fileRef = E7E077E715D3B6510020DFD4 /* QTKit.framework */; };
		E7F985F815E0DEA3003869B5 /* Accelerate.framework in Frameworks */ = {isa = PBXBuildFile; fileRef = E7F985F515E0DE99003869B5 /* Accelerate.framework */; };
/* End PBXBuildFile section */

/* Begin PBXContainerItemProxy section */
		C7AF3CE318BCB4B900BAC632 /* PBXContainerItemProxy */ = {
			isa = PBXContainerItemProxy;
			containerPortal = C7AF3CD018BCB4B800BAC632 /* BasicExample.xcodeproj */;
			proxyType = 2;
			remoteGlobalIDString = E4B69B5B0A3A1756003C02F2;
			remoteInfo = BasicExample;
		};
		C7EDE53C18A906A600E3C5C1 /* PBXContainerItemProxy */ = {
			isa = PBXContainerItemProxy;
			containerPortal = C7EDE53818A906A600E3C5C1 /* openFrameworksLib.xcodeproj */;
			proxyType = 2;
			remoteGlobalIDString = E4B27C1510CBEB8E00536013;
			remoteInfo = openFrameworks;
		};
/* End PBXContainerItemProxy section */

/* Begin PBXCopyFilesBuildPhase section */
		C7F960D318B57C700057243B /* CopyFiles */ = {
			isa = PBXCopyFilesBuildPhase;
			buildActionMask = 12;
			dstPath = "";
			dstSubfolderSpec = 7;
			files = (
				C7CA812C18BA02DB005858C5 /* ofxFft.cpp in CopyFiles */,
				C7CA812D18BA02DB005858C5 /* ofxFftBasic.cpp in CopyFiles */,
				C7CA812E18BA02DB005858C5 /* ofxFftw.cpp in CopyFiles */,
				C7F960D418B57C750057243B /* main.jpg in CopyFiles */,
			);
			runOnlyForDeploymentPostprocessing = 0;
		};
		E4C2427710CC5ABF004149E2 /* CopyFiles */ = {
			isa = PBXCopyFilesBuildPhase;
			buildActionMask = 2147483647;
			dstPath = "";
			dstSubfolderSpec = 10;
			files = (
			);
			runOnlyForDeploymentPostprocessing = 0;
		};
/* End PBXCopyFilesBuildPhase section */

/* Begin PBXFileReference section */
		C7AD8BC918B57ADC0001746B /* .gitkeep */ = {isa = PBXFileReference; lastKnownFileType = text; path = .gitkeep; sourceTree = "<group>"; };
		C7AD8BCA18B57ADC0001746B /* refreq2.app */ = {isa = PBXFileReference; lastKnownFileType = wrapper.application; path = refreq2.app; sourceTree = "<group>"; };
		C7AD8BCB18B57ADC0001746B /* refreq2Debug.app */ = {isa = PBXFileReference; lastKnownFileType = wrapper.application; path = refreq2Debug.app; sourceTree = "<group>"; };
		C7AD8BCD18B57AFA0001746B /* main.jpg */ = {isa = PBXFileReference; lastKnownFileType = image.jpeg; path = main.jpg; sourceTree = "<group>"; };
		C7AF3CD018BCB4B800BAC632 /* BasicExample.xcodeproj */ = {isa = PBXFileReference; lastKnownFileType = "wrapper.pb-project"; path = BasicExample.xcodeproj; sourceTree = "<group>"; };
		C7AF3CD518BCB4B800BAC632 /* BasicExampleDebug.app */ = {isa = PBXFileReference; lastKnownFileType = wrapper.application; path = BasicExampleDebug.app; sourceTree = "<group>"; };
		C7AF3CD718BCB4B800BAC632 /* .gitignore */ = {isa = PBXFileReference; lastKnownFileType = text; path = .gitignore; sourceTree = "<group>"; };
		C7AF3CD918BCB4B800BAC632 /* fftw3f.a */ = {isa = PBXFileReference; lastKnownFileType = archive.ar; path = fftw3f.a; sourceTree = "<group>"; };
		C7AF3CDB18BCB4B800BAC632 /* libfftw3f-3.dll */ = {isa = PBXFileReference; lastKnownFileType = file; path = "libfftw3f-3.dll"; sourceTree = "<group>"; };
		C7AF3CDC18BCB4B800BAC632 /* openFrameworks-Info.plist */ = {isa = PBXFileReference; lastKnownFileType = text.plist.xml; path = "openFrameworks-Info.plist"; sourceTree = "<group>"; };
		C7AF3CDD18BCB4B800BAC632 /* Project.xcconfig */ = {isa = PBXFileReference; lastKnownFileType = text.xcconfig; path = Project.xcconfig; sourceTree = "<group>"; };
		C7AF3CDF18BCB4B800BAC632 /* main.cpp */ = {isa = PBXFileReference; lastKnownFileType = sourcecode.cpp.cpp; path = main.cpp; sourceTree = "<group>"; };
		C7AF3CE018BCB4B800BAC632 /* testApp.cpp */ = {isa = PBXFileReference; lastKnownFileType = sourcecode.cpp.cpp; path = testApp.cpp; sourceTree = "<group>"; };
		C7AF3CE118BCB4B800BAC632 /* testApp.h */ = {isa = PBXFileReference; lastKnownFileType = sourcecode.c.h; path = testApp.h; sourceTree = "<group>"; };
		C7CA806318B98E6B005858C5 /* CADebugMacros.h */ = {isa = PBXFileReference; lastKnownFileType = sourcecode.c.h; path = CADebugMacros.h; sourceTree = "<group>"; };
		C7CA806418B98E6B005858C5 /* CAStreamBasicDescription.h */ = {isa = PBXFileReference; lastKnownFileType = sourcecode.c.h; path = CAStreamBasicDescription.h; sourceTree = "<group>"; };
		C7CA806518B98E6B005858C5 /* audiodecoder.h */ = {isa = PBXFileReference; lastKnownFileType = sourcecode.c.h; path = audiodecoder.h; sourceTree = "<group>"; };
		C7CA806618B98E6B005858C5 /* audiodecoderbase.h */ = {isa = PBXFileReference; lastKnownFileType = sourcecode.c.h; path = audiodecoderbase.h; sourceTree = "<group>"; };
		C7CA806718B98E6B005858C5 /* audiodecodercoreaudio.h */ = {isa = PBXFileReference; lastKnownFileType = sourcecode.c.h; path = audiodecodercoreaudio.h; sourceTree = "<group>"; };
		C7CA806918B98E6B005858C5 /* audiodecoderbase.cpp */ = {isa = PBXFileReference; lastKnownFileType = sourcecode.cpp.cpp; path = audiodecoderbase.cpp; sourceTree = "<group>"; };
		C7CA806A18B98E6B005858C5 /* audiodecodercoreaudio.cpp */ = {isa = PBXFileReference; lastKnownFileType = sourcecode.cpp.cpp; path = audiodecodercoreaudio.cpp; sourceTree = "<group>"; };
		C7CA806E18B98E6B005858C5 /* ofxAudioDecoder.h */ = {isa = PBXFileReference; lastKnownFileType = sourcecode.c.h; path = ofxAudioDecoder.h; sourceTree = "<group>"; };
		C7CA80D718B9FC77005858C5 /* .gitignore */ = {isa = PBXFileReference; lastKnownFileType = text; path = .gitignore; sourceTree = "<group>"; };
		C7CA810118B9FC77005858C5 /* fftw3.h */ = {isa = PBXFileReference; lastKnownFileType = sourcecode.c.h; path = fftw3.h; sourceTree = "<group>"; };
		C7CA810318B9FC77005858C5 /* .gitignore */ = {isa = PBXFileReference; lastKnownFileType = text; path = .gitignore; sourceTree = "<group>"; };
		C7CA810518B9FC77005858C5 /* _kiss_fft_guts.h */ = {isa = PBXFileReference; lastKnownFileType = sourcecode.c.h; path = _kiss_fft_guts.h; sourceTree = "<group>"; };
		C7CA810618B9FC77005858C5 /* kiss_fft.c */ = {isa = PBXFileReference; lastKnownFileType = sourcecode.c.c; path = kiss_fft.c; sourceTree = "<group>"; };
		C7CA810718B9FC77005858C5 /* kiss_fft.h */ = {isa = PBXFileReference; lastKnownFileType = sourcecode.c.h; path = kiss_fft.h; sourceTree = "<group>"; };
		C7CA810818B9FC77005858C5 /* kiss_fftr.c */ = {isa = PBXFileReference; lastKnownFileType = sourcecode.c.c; path = kiss_fftr.c; sourceTree = "<group>"; };
		C7CA810918B9FC77005858C5 /* kiss_fftr.h */ = {isa = PBXFileReference; lastKnownFileType = sourcecode.c.h; path = kiss_fftr.h; sourceTree = "<group>"; };
		C7CA810A18B9FC77005858C5 /* ofxaddons_thumbnail.png */ = {isa = PBXFileReference; lastKnownFileType = image.png; path = ofxaddons_thumbnail.png; sourceTree = "<group>"; };
		C7CA810B18B9FC77005858C5 /* readme.md */ = {isa = PBXFileReference; lastKnownFileType = text; path = readme.md; sourceTree = "<group>"; };
		C7CA810D18B9FC77005858C5 /* ofxEasyFft.cpp */ = {isa = PBXFileReference; lastKnownFileType = sourcecode.cpp.cpp; path = ofxEasyFft.cpp; sourceTree = "<group>"; };
		C7CA810E18B9FC77005858C5 /* ofxEasyFft.h */ = {isa = PBXFileReference; lastKnownFileType = sourcecode.c.h; path = ofxEasyFft.h; sourceTree = "<group>"; };
		C7CA810F18B9FC77005858C5 /* ofxFft.cpp */ = {isa = PBXFileReference; lastKnownFileType = sourcecode.cpp.cpp; path = ofxFft.cpp; sourceTree = "<group>"; };
		C7CA811018B9FC77005858C5 /* ofxFft.h */ = {isa = PBXFileReference; lastKnownFileType = sourcecode.c.h; path = ofxFft.h; sourceTree = "<group>"; };
		C7CA811118B9FC77005858C5 /* ofxFftBasic.cpp */ = {isa = PBXFileReference; lastKnownFileType = sourcecode.cpp.cpp; path = ofxFftBasic.cpp; sourceTree = "<group>"; };
		C7CA811218B9FC77005858C5 /* ofxFftBasic.h */ = {isa = PBXFileReference; lastKnownFileType = sourcecode.c.h; path = ofxFftBasic.h; sourceTree = "<group>"; };
		C7CA811318B9FC77005858C5 /* ofxFftw.cpp */ = {isa = PBXFileReference; lastKnownFileType = sourcecode.cpp.cpp; path = ofxFftw.cpp; sourceTree = "<group>"; };
		C7CA811418B9FC77005858C5 /* ofxFftw.h */ = {isa = PBXFileReference; lastKnownFileType = sourcecode.c.h; path = ofxFftw.h; sourceTree = "<group>"; };
		C7DA746C18BCFE5600430C64 /* rrr.icns */ = {isa = PBXFileReference; lastKnownFileType = image.icns; path = rrr.icns; sourceTree = "<group>"; };
		C7EDE53718A906A600E3C5C1 /* CoreOF.xcconfig */ = {isa = PBXFileReference; lastKnownFileType = text.xcconfig; name = CoreOF.xcconfig; path = requirements/openFrameworks/libs/openFrameworksCompiled/project/osx/CoreOF.xcconfig; sourceTree = "<group>"; };
		C7EDE53818A906A600E3C5C1 /* openFrameworksLib.xcodeproj */ = {isa = PBXFileReference; lastKnownFileType = "wrapper.pb-project"; name = openFrameworksLib.xcodeproj; path = requirements/openFrameworks/libs/openFrameworksCompiled/project/osx/openFrameworksLib.xcodeproj; sourceTree = "<group>"; };
		C7EDE54018A9070000E3C5C1 /* GLUT.framework */ = {isa = PBXFileReference; lastKnownFileType = wrapper.framework; name = GLUT.framework; path = requirements/openFrameworks/libs/glut/lib/osx/GLUT.framework; sourceTree = "<group>"; };
		C7EDE54318A920B500E3C5C1 /* openFrameworksDebug.a */ = {isa = PBXFileReference; lastKnownFileType = archive.ar; name = openFrameworksDebug.a; path = requirements/openFrameworks/libs/openFrameworksCompiled/lib/osx/openFrameworksDebug.a; sourceTree = "<group>"; };
		C7EF20F618B2ABB60016EE43 /* refreqConstans.h */ = {isa = PBXFileReference; lastKnownFileType = sourcecode.c.h; path = refreqConstans.h; sourceTree = "<group>"; };
		C7F3217318A2C7EC008C9295 /* Loader.cpp */ = {isa = PBXFileReference; fileEncoding = 4; lastKnownFileType = sourcecode.cpp.cpp; path = Loader.cpp; sourceTree = "<group>"; };
		C7F3217418A2C7EC008C9295 /* Loader.h */ = {isa = PBXFileReference; fileEncoding = 4; lastKnownFileType = sourcecode.c.h; path = Loader.h; sourceTree = "<group>"; };
		C7F3217618A2C84D008C9295 /* Player.cpp */ = {isa = PBXFileReference; fileEncoding = 4; lastKnownFileType = sourcecode.cpp.cpp; path = Player.cpp; sourceTree = "<group>"; };
		C7F3217718A2C84D008C9295 /* Player.h */ = {isa = PBXFileReference; fileEncoding = 4; lastKnownFileType = sourcecode.c.h; path = Player.h; sourceTree = "<group>"; };
		C7F3217918A2C878008C9295 /* Vinyl.cpp */ = {isa = PBXFileReference; fileEncoding = 4; lastKnownFileType = sourcecode.cpp.cpp; path = Vinyl.cpp; sourceTree = "<group>"; };
		C7F3217A18A2C878008C9295 /* Vinyl.h */ = {isa = PBXFileReference; fileEncoding = 4; lastKnownFileType = sourcecode.c.h; path = Vinyl.h; sourceTree = "<group>"; };
		C7F3217C18A2C914008C9295 /* PixelPickup.cpp */ = {isa = PBXFileReference; fileEncoding = 4; lastKnownFileType = sourcecode.cpp.cpp; path = PixelPickup.cpp; sourceTree = "<group>"; };
		C7F3217D18A2C914008C9295 /* PixelPickup.h */ = {isa = PBXFileReference; fileEncoding = 4; lastKnownFileType = sourcecode.c.h; path = PixelPickup.h; sourceTree = "<group>"; };
		C7F3217F18A2C990008C9295 /* Synthetizer.cpp */ = {isa = PBXFileReference; fileEncoding = 4; lastKnownFileType = sourcecode.cpp.cpp; path = Synthetizer.cpp; sourceTree = "<group>"; };
		C7F3218018A2C990008C9295 /* Synthetizer.h */ = {isa = PBXFileReference; fileEncoding = 4; lastKnownFileType = sourcecode.c.h; path = Synthetizer.h; sourceTree = "<group>"; };
		C7F3218218A2CA61008C9295 /* Gui.cpp */ = {isa = PBXFileReference; fileEncoding = 4; lastKnownFileType = sourcecode.cpp.cpp; path = Gui.cpp; sourceTree = "<group>"; };
		C7F3218318A2CA61008C9295 /* Gui.h */ = {isa = PBXFileReference; fileEncoding = 4; lastKnownFileType = sourcecode.c.h; path = Gui.h; sourceTree = "<group>"; };
		C7F9727118B584AE0057243B /* AUParamInfo.cpp */ = {isa = PBXFileReference; lastKnownFileType = sourcecode.cpp.cpp; path = AUParamInfo.cpp; sourceTree = "<group>"; };
		C7F9727218B584AE0057243B /* AUParamInfo.h */ = {isa = PBXFileReference; lastKnownFileType = sourcecode.c.h; path = AUParamInfo.h; sourceTree = "<group>"; };
		C7F9727318B584AE0057243B /* CAAUParameter.cpp */ = {isa = PBXFileReference; lastKnownFileType = sourcecode.cpp.cpp; path = CAAUParameter.cpp; sourceTree = "<group>"; };
		C7F9727418B584AE0057243B /* CAAUParameter.h */ = {isa = PBXFileReference; lastKnownFileType = sourcecode.c.h; path = CAAUParameter.h; sourceTree = "<group>"; };
		C7F9727518B584AE0057243B /* CADebugMacros.cpp */ = {isa = PBXFileReference; lastKnownFileType = sourcecode.cpp.cpp; path = CADebugMacros.cpp; sourceTree = "<group>"; };
		C7F9727618B584AE0057243B /* CADebugMacros.h */ = {isa = PBXFileReference; lastKnownFileType = sourcecode.c.h; path = CADebugMacros.h; sourceTree = "<group>"; };
		C7F9727718B584AE0057243B /* CAXException.h */ = {isa = PBXFileReference; lastKnownFileType = sourcecode.c.h; path = CAXException.h; sourceTree = "<group>"; };
		C7F9727818B584AE0057243B /* ofxAudioUnit.cpp */ = {isa = PBXFileReference; lastKnownFileType = sourcecode.cpp.cpp; path = ofxAudioUnit.cpp; sourceTree = "<group>"; };
		C7F9727918B584AE0057243B /* ofxAudioUnit.h */ = {isa = PBXFileReference; lastKnownFileType = sourcecode.c.h; path = ofxAudioUnit.h; sourceTree = "<group>"; };
		C7F9727A18B584AE0057243B /* ofxAudioUnitBase.h */ = {isa = PBXFileReference; lastKnownFileType = sourcecode.c.h; path = ofxAudioUnitBase.h; sourceTree = "<group>"; };
		C7F9727B18B584AE0057243B /* ofxAudioUnitCocoaUtilties.mm */ = {isa = PBXFileReference; lastKnownFileType = sourcecode.cpp.objcpp; path = ofxAudioUnitCocoaUtilties.mm; sourceTree = "<group>"; };
		C7F9727C18B584AE0057243B /* ofxAudioUnitDSPNode.cpp */ = {isa = PBXFileReference; lastKnownFileType = sourcecode.cpp.cpp; path = ofxAudioUnitDSPNode.cpp; sourceTree = "<group>"; };
		C7F9727D18B584AE0057243B /* ofxAudioUnitDSPNode.h */ = {isa = PBXFileReference; lastKnownFileType = sourcecode.c.h; path = ofxAudioUnitDSPNode.h; sourceTree = "<group>"; };
		C7F9727E18B584AE0057243B /* ofxAudioUnitFftNode.cpp */ = {isa = PBXFileReference; lastKnownFileType = sourcecode.cpp.cpp; path = ofxAudioUnitFftNode.cpp; sourceTree = "<group>"; };
		C7F9727F18B584AE0057243B /* ofxAudioUnitFftNode.h */ = {isa = PBXFileReference; lastKnownFileType = sourcecode.c.h; path = ofxAudioUnitFftNode.h; sourceTree = "<group>"; };
		C7F9728018B584AE0057243B /* ofxAudioUnitFilePlayer.cpp */ = {isa = PBXFileReference; lastKnownFileType = sourcecode.cpp.cpp; path = ofxAudioUnitFilePlayer.cpp; sourceTree = "<group>"; };
		C7F9728118B584AE0057243B /* ofxAudioUnitFilePlayer.h */ = {isa = PBXFileReference; lastKnownFileType = sourcecode.c.h; path = ofxAudioUnitFilePlayer.h; sourceTree = "<group>"; };
		C7F9728218B584AE0057243B /* ofxAudioUnitHardwareUtils.cpp */ = {isa = PBXFileReference; lastKnownFileType = sourcecode.cpp.cpp; path = ofxAudioUnitHardwareUtils.cpp; sourceTree = "<group>"; };
		C7F9728318B584AE0057243B /* ofxAudioUnitHardwareUtils.h */ = {isa = PBXFileReference; lastKnownFileType = sourcecode.c.h; path = ofxAudioUnitHardwareUtils.h; sourceTree = "<group>"; };
		C7F9728418B584AE0057243B /* ofxAudioUnitInput.cpp */ = {isa = PBXFileReference; lastKnownFileType = sourcecode.cpp.cpp; path = ofxAudioUnitInput.cpp; sourceTree = "<group>"; };
		C7F9728518B584AE0057243B /* ofxAudioUnitInput.h */ = {isa = PBXFileReference; lastKnownFileType = sourcecode.c.h; path = ofxAudioUnitInput.h; sourceTree = "<group>"; };
		C7F9728618B584AE0057243B /* ofxAudioUnitMatrixMixer.cpp */ = {isa = PBXFileReference; lastKnownFileType = sourcecode.cpp.cpp; path = ofxAudioUnitMatrixMixer.cpp; sourceTree = "<group>"; };
		C7F9728718B584AE0057243B /* ofxAudioUnitMatrixMixer.h */ = {isa = PBXFileReference; lastKnownFileType = sourcecode.c.h; path = ofxAudioUnitMatrixMixer.h; sourceTree = "<group>"; };
		C7F9728818B584AE0057243B /* ofxAudioUnitMidi.cpp */ = {isa = PBXFileReference; lastKnownFileType = sourcecode.cpp.cpp; path = ofxAudioUnitMidi.cpp; sourceTree = "<group>"; };
		C7F9728918B584AE0057243B /* ofxAudioUnitMidi.h */ = {isa = PBXFileReference; lastKnownFileType = sourcecode.c.h; path = ofxAudioUnitMidi.h; sourceTree = "<group>"; };
		C7F9728A18B584AE0057243B /* ofxAudioUnitMixer.cpp */ = {isa = PBXFileReference; lastKnownFileType = sourcecode.cpp.cpp; path = ofxAudioUnitMixer.cpp; sourceTree = "<group>"; };
		C7F9728B18B584AE0057243B /* ofxAudioUnitMixer.h */ = {isa = PBXFileReference; lastKnownFileType = sourcecode.c.h; path = ofxAudioUnitMixer.h; sourceTree = "<group>"; };
		C7F9728C18B584AE0057243B /* ofxAudioUnitNetReceive.cpp */ = {isa = PBXFileReference; lastKnownFileType = sourcecode.cpp.cpp; path = ofxAudioUnitNetReceive.cpp; sourceTree = "<group>"; };
		C7F9728D18B584AE0057243B /* ofxAudioUnitNetReceive.h */ = {isa = PBXFileReference; lastKnownFileType = sourcecode.c.h; path = ofxAudioUnitNetReceive.h; sourceTree = "<group>"; };
		C7F9728E18B584AE0057243B /* ofxAudioUnitNetSend.cpp */ = {isa = PBXFileReference; lastKnownFileType = sourcecode.cpp.cpp; path = ofxAudioUnitNetSend.cpp; sourceTree = "<group>"; };
		C7F9728F18B584AE0057243B /* ofxAudioUnitNetSend.h */ = {isa = PBXFileReference; lastKnownFileType = sourcecode.c.h; path = ofxAudioUnitNetSend.h; sourceTree = "<group>"; };
		C7F9729018B584AE0057243B /* ofxAudioUnitOutput.cpp */ = {isa = PBXFileReference; lastKnownFileType = sourcecode.cpp.cpp; path = ofxAudioUnitOutput.cpp; sourceTree = "<group>"; };
		C7F9729118B584AE0057243B /* ofxAudioUnitOutput.h */ = {isa = PBXFileReference; lastKnownFileType = sourcecode.c.h; path = ofxAudioUnitOutput.h; sourceTree = "<group>"; };
		C7F9729218B584AE0057243B /* ofxAudioUnitRecorder.cpp */ = {isa = PBXFileReference; lastKnownFileType = sourcecode.cpp.cpp; path = ofxAudioUnitRecorder.cpp; sourceTree = "<group>"; };
		C7F9729318B584AE0057243B /* ofxAudioUnitRecorder.h */ = {isa = PBXFileReference; lastKnownFileType = sourcecode.c.h; path = ofxAudioUnitRecorder.h; sourceTree = "<group>"; };
		C7F9729418B584AE0057243B /* ofxAudioUnitSampler.cpp */ = {isa = PBXFileReference; lastKnownFileType = sourcecode.cpp.cpp; path = ofxAudioUnitSampler.cpp; sourceTree = "<group>"; };
		C7F9729518B584AE0057243B /* ofxAudioUnitSampler.h */ = {isa = PBXFileReference; lastKnownFileType = sourcecode.c.h; path = ofxAudioUnitSampler.h; sourceTree = "<group>"; };
		C7F9729618B584AE0057243B /* ofxAudioUnitSpeechSynth.cpp */ = {isa = PBXFileReference; lastKnownFileType = sourcecode.cpp.cpp; path = ofxAudioUnitSpeechSynth.cpp; sourceTree = "<group>"; };
		C7F9729718B584AE0057243B /* ofxAudioUnitSpeechSynth.h */ = {isa = PBXFileReference; lastKnownFileType = sourcecode.c.h; path = ofxAudioUnitSpeechSynth.h; sourceTree = "<group>"; };
		C7F9729818B584AE0057243B /* ofxAudioUnitTap.cpp */ = {isa = PBXFileReference; lastKnownFileType = sourcecode.cpp.cpp; path = ofxAudioUnitTap.cpp; sourceTree = "<group>"; };
		C7F9729918B584AE0057243B /* ofxAudioUnitTap.h */ = {isa = PBXFileReference; lastKnownFileType = sourcecode.c.h; path = ofxAudioUnitTap.h; sourceTree = "<group>"; };
		C7F9729A18B584AE0057243B /* ofxAudioUnitUtils.h */ = {isa = PBXFileReference; lastKnownFileType = sourcecode.c.h; path = ofxAudioUnitUtils.h; sourceTree = "<group>"; };
		C7F9729C18B584AE0057243B /* TPCircularBuffer.c */ = {isa = PBXFileReference; lastKnownFileType = sourcecode.c.c; path = TPCircularBuffer.c; sourceTree = "<group>"; };
		C7F9729D18B584AE0057243B /* TPCircularBuffer.h */ = {isa = PBXFileReference; lastKnownFileType = sourcecode.c.h; path = TPCircularBuffer.h; sourceTree = "<group>"; };
		C7FB60C818BB8CBB00312CAA /* fftw3f.a */ = {isa = PBXFileReference; lastKnownFileType = archive.ar; name = fftw3f.a; path = "requirements/ofxFft/example-basic/lib/osx/fftw3f.a"; sourceTree = SOURCE_ROOT; };
		E45BE9710E8CC7DD009D7055 /* AGL.framework */ = {isa = PBXFileReference; lastKnownFileType = wrapper.framework; name = AGL.framework; path = /System/Library/Frameworks/AGL.framework; sourceTree = "<absolute>"; };
		E45BE9720E8CC7DD009D7055 /* ApplicationServices.framework */ = {isa = PBXFileReference; lastKnownFileType = wrapper.framework; name = ApplicationServices.framework; path = /System/Library/Frameworks/ApplicationServices.framework; sourceTree = "<absolute>"; };
		E45BE9730E8CC7DD009D7055 /* AudioToolbox.framework */ = {isa = PBXFileReference; lastKnownFileType = wrapper.framework; name = AudioToolbox.framework; path = /System/Library/Frameworks/AudioToolbox.framework; sourceTree = "<absolute>"; };
		E45BE9740E8CC7DD009D7055 /* Carbon.framework */ = {isa = PBXFileReference; lastKnownFileType = wrapper.framework; name = Carbon.framework; path = /System/Library/Frameworks/Carbon.framework; sourceTree = "<absolute>"; };
		E45BE9750E8CC7DD009D7055 /* CoreAudio.framework */ = {isa = PBXFileReference; lastKnownFileType = wrapper.framework; name = CoreAudio.framework; path = /System/Library/Frameworks/CoreAudio.framework; sourceTree = "<absolute>"; };
		E45BE9760E8CC7DD009D7055 /* CoreFoundation.framework */ = {isa = PBXFileReference; lastKnownFileType = wrapper.framework; name = CoreFoundation.framework; path = /System/Library/Frameworks/CoreFoundation.framework; sourceTree = "<absolute>"; };
		E45BE9770E8CC7DD009D7055 /* CoreServices.framework */ = {isa = PBXFileReference; lastKnownFileType = wrapper.framework; name = CoreServices.framework; path = /System/Library/Frameworks/CoreServices.framework; sourceTree = "<absolute>"; };
		E45BE9790E8CC7DD009D7055 /* OpenGL.framework */ = {isa = PBXFileReference; lastKnownFileType = wrapper.framework; name = OpenGL.framework; path = /System/Library/Frameworks/OpenGL.framework; sourceTree = "<absolute>"; };
		E45BE97A0E8CC7DD009D7055 /* QuickTime.framework */ = {isa = PBXFileReference; lastKnownFileType = wrapper.framework; name = QuickTime.framework; path = /System/Library/Frameworks/QuickTime.framework; sourceTree = "<absolute>"; };
		E4B69B5B0A3A1756003C02F2 /* refreq2Debug.app */ = {isa = PBXFileReference; explicitFileType = wrapper.application; includeInIndex = 0; path = refreq2Debug.app; sourceTree = BUILT_PRODUCTS_DIR; };
		E4B69E1D0A3A1BDC003C02F2 /* main.mm */ = {isa = PBXFileReference; fileEncoding = 30; lastKnownFileType = sourcecode.cpp.objcpp; name = main.mm; path = src/main.mm; sourceTree = SOURCE_ROOT; };
		E4B69E1E0A3A1BDC003C02F2 /* refreq2.cpp */ = {isa = PBXFileReference; explicitFileType = sourcecode.cpp.cpp; fileEncoding = 30; name = refreq2.cpp; path = src/refreq2.cpp; sourceTree = SOURCE_ROOT; };
		E4B69E1F0A3A1BDC003C02F2 /* refreq2.h */ = {isa = PBXFileReference; fileEncoding = 30; lastKnownFileType = sourcecode.c.h; name = refreq2.h; path = src/refreq2.h; sourceTree = SOURCE_ROOT; };
		E4B6FCAD0C3E899E008CF71C /* openFrameworks-Info.plist */ = {isa = PBXFileReference; fileEncoding = 30; lastKnownFileType = text.plist.xml; path = "openFrameworks-Info.plist"; sourceTree = "<group>"; };
		E4C2424410CC5A17004149E2 /* AppKit.framework */ = {isa = PBXFileReference; lastKnownFileType = wrapper.framework; name = AppKit.framework; path = /System/Library/Frameworks/AppKit.framework; sourceTree = "<absolute>"; };
		E4C2424510CC5A17004149E2 /* Cocoa.framework */ = {isa = PBXFileReference; lastKnownFileType = wrapper.framework; name = Cocoa.framework; path = /System/Library/Frameworks/Cocoa.framework; sourceTree = "<absolute>"; };
		E4C2424610CC5A17004149E2 /* IOKit.framework */ = {isa = PBXFileReference; lastKnownFileType = wrapper.framework; name = IOKit.framework; path = /System/Library/Frameworks/IOKit.framework; sourceTree = "<absolute>"; };
		E4EB6923138AFD0F00A09F29 /* Project.xcconfig */ = {isa = PBXFileReference; fileEncoding = 4; lastKnownFileType = text.xcconfig; path = Project.xcconfig; sourceTree = "<group>"; };
		E7E077E415D3B63C0020DFD4 /* CoreVideo.framework */ = {isa = PBXFileReference; lastKnownFileType = wrapper.framework; name = CoreVideo.framework; path = /System/Library/Frameworks/CoreVideo.framework; sourceTree = "<absolute>"; };
		E7E077E715D3B6510020DFD4 /* QTKit.framework */ = {isa = PBXFileReference; lastKnownFileType = wrapper.framework; name = QTKit.framework; path = /System/Library/Frameworks/QTKit.framework; sourceTree = "<absolute>"; };
		E7F985F515E0DE99003869B5 /* Accelerate.framework */ = {isa = PBXFileReference; lastKnownFileType = wrapper.framework; name = Accelerate.framework; path = /System/Library/Frameworks/Accelerate.framework; sourceTree = "<absolute>"; };
/* End PBXFileReference section */

/* Begin PBXFrameworksBuildPhase section */
		E4B69B590A3A1756003C02F2 /* Frameworks */ = {
			isa = PBXFrameworksBuildPhase;
			buildActionMask = 2147483647;
			files = (
				E7F985F815E0DEA3003869B5 /* Accelerate.framework in Frameworks */,
				E7E077E815D3B6510020DFD4 /* QTKit.framework in Frameworks */,
				C7EDE54118A9070000E3C5C1 /* GLUT.framework in Frameworks */,
				C7EDE54418A920B600E3C5C1 /* openFrameworksDebug.a in Frameworks */,
				E45BE97B0E8CC7DD009D7055 /* AGL.framework in Frameworks */,
				E45BE97C0E8CC7DD009D7055 /* ApplicationServices.framework in Frameworks */,
				E45BE97D0E8CC7DD009D7055 /* AudioToolbox.framework in Frameworks */,
				E45BE97E0E8CC7DD009D7055 /* Carbon.framework in Frameworks */,
				E45BE97F0E8CC7DD009D7055 /* CoreAudio.framework in Frameworks */,
				E45BE9800E8CC7DD009D7055 /* CoreFoundation.framework in Frameworks */,
				E45BE9810E8CC7DD009D7055 /* CoreServices.framework in Frameworks */,
				E45BE9830E8CC7DD009D7055 /* OpenGL.framework in Frameworks */,
				E45BE9840E8CC7DD009D7055 /* QuickTime.framework in Frameworks */,
				C7FB60C918BB8CBB00312CAA /* fftw3f.a in Frameworks */,
				E4C2424710CC5A17004149E2 /* AppKit.framework in Frameworks */,
				E4C2424810CC5A17004149E2 /* Cocoa.framework in Frameworks */,
				E4C2424910CC5A17004149E2 /* IOKit.framework in Frameworks */,
				E7E077E515D3B63C0020DFD4 /* CoreVideo.framework in Frameworks */,
			);
			runOnlyForDeploymentPostprocessing = 0;
		};
/* End PBXFrameworksBuildPhase section */

/* Begin PBXGroup section */
		BB4B014C10F69532006C3DED /* addons */ = {
			isa = PBXGroup;
			children = (
			);
			name = addons;
			sourceTree = "<group>";
		};
		BBAB23C913894ECA00AA2426 /* system frameworks */ = {
			isa = PBXGroup;
			children = (
				E7F985F515E0DE99003869B5 /* Accelerate.framework */,
				E4C2424410CC5A17004149E2 /* AppKit.framework */,
				E4C2424510CC5A17004149E2 /* Cocoa.framework */,
				E4C2424610CC5A17004149E2 /* IOKit.framework */,
				E45BE9710E8CC7DD009D7055 /* AGL.framework */,
				E45BE9720E8CC7DD009D7055 /* ApplicationServices.framework */,
				E45BE9730E8CC7DD009D7055 /* AudioToolbox.framework */,
				E45BE9740E8CC7DD009D7055 /* Carbon.framework */,
				E45BE9750E8CC7DD009D7055 /* CoreAudio.framework */,
				E45BE9760E8CC7DD009D7055 /* CoreFoundation.framework */,
				E45BE9770E8CC7DD009D7055 /* CoreServices.framework */,
				E45BE9790E8CC7DD009D7055 /* OpenGL.framework */,
				E45BE97A0E8CC7DD009D7055 /* QuickTime.framework */,
				E7E077E415D3B63C0020DFD4 /* CoreVideo.framework */,
				E7E077E715D3B6510020DFD4 /* QTKit.framework */,
			);
			name = "system frameworks";
			sourceTree = "<group>";
		};
		BBAB23CA13894EDB00AA2426 /* 3rd party frameworks */ = {
			isa = PBXGroup;
			children = (
				C7EDE54018A9070000E3C5C1 /* GLUT.framework */,
			);
			name = "3rd party frameworks";
			sourceTree = "<group>";
		};
		C7AD8BC718B57ADC0001746B /* bin */ = {
			isa = PBXGroup;
			children = (
				C7AD8BC818B57ADC0001746B /* data */,
				C7AD8BCA18B57ADC0001746B /* refreq2.app */,
				C7AD8BCB18B57ADC0001746B /* refreq2Debug.app */,
			);
			path = bin;
			sourceTree = "<group>";
		};
		C7AD8BC818B57ADC0001746B /* data */ = {
			isa = PBXGroup;
			children = (
				C7AD8BCD18B57AFA0001746B /* main.jpg */,
				C7AD8BC918B57ADC0001746B /* .gitkeep */,
			);
			path = data;
			sourceTree = "<group>";
		};
		C7AF3CCF18BCB4B800BAC632 /* example-basic */ = {
			isa = PBXGroup;
			children = (
				C7AF3CD018BCB4B800BAC632 /* BasicExample.xcodeproj */,
				C7AF3CD418BCB4B800BAC632 /* bin */,
				C7AF3CD618BCB4B800BAC632 /* lib */,
				C7AF3CDC18BCB4B800BAC632 /* openFrameworks-Info.plist */,
				C7AF3CDD18BCB4B800BAC632 /* Project.xcconfig */,
				C7AF3CDE18BCB4B800BAC632 /* src */,
			);
			path = "example-basic";
			sourceTree = "<group>";
		};
		C7AF3CD118BCB4B800BAC632 /* Products */ = {
			isa = PBXGroup;
			children = (
				C7AF3CE418BCB4B900BAC632 /* BasicExampleDebug.app */,
			);
			name = Products;
			sourceTree = "<group>";
		};
		C7AF3CD418BCB4B800BAC632 /* bin */ = {
			isa = PBXGroup;
			children = (
				C7AF3CD518BCB4B800BAC632 /* BasicExampleDebug.app */,
			);
			path = bin;
			sourceTree = "<group>";
		};
		C7AF3CD618BCB4B800BAC632 /* lib */ = {
			isa = PBXGroup;
			children = (
				C7AF3CD718BCB4B800BAC632 /* .gitignore */,
				C7AF3CD818BCB4B800BAC632 /* osx */,
				C7AF3CDA18BCB4B800BAC632 /* win32 */,
			);
			path = lib;
			sourceTree = "<group>";
		};
		C7AF3CD818BCB4B800BAC632 /* osx */ = {
			isa = PBXGroup;
			children = (
				C7AF3CD918BCB4B800BAC632 /* fftw3f.a */,
			);
			path = osx;
			sourceTree = "<group>";
		};
		C7AF3CDA18BCB4B800BAC632 /* win32 */ = {
			isa = PBXGroup;
			children = (
				C7AF3CDB18BCB4B800BAC632 /* libfftw3f-3.dll */,
			);
			path = win32;
			sourceTree = "<group>";
		};
		C7AF3CDE18BCB4B800BAC632 /* src */ = {
			isa = PBXGroup;
			children = (
				C7AF3CDF18BCB4B800BAC632 /* main.cpp */,
				C7AF3CE018BCB4B800BAC632 /* testApp.cpp */,
				C7AF3CE118BCB4B800BAC632 /* testApp.h */,
			);
			path = src;
			sourceTree = "<group>";
		};
		C7CA805018B98E6B005858C5 /* ofxAudioDecoder */ = {
			isa = PBXGroup;
			children = (
				C7CA806018B98E6B005858C5 /* lib */,
				C7CA806D18B98E6B005858C5 /* src */,
			);
			name = ofxAudioDecoder;
			path = openFrameworks/addons/ofxAudioDecoder;
			sourceTree = "<group>";
		};
		C7CA806018B98E6B005858C5 /* lib */ = {
			isa = PBXGroup;
			children = (
				C7CA806118B98E6B005858C5 /* include */,
				C7CA806818B98E6B005858C5 /* src */,
			);
			path = lib;
			sourceTree = "<group>";
		};
		C7CA806118B98E6B005858C5 /* include */ = {
			isa = PBXGroup;
			children = (
				C7CA806218B98E6B005858C5 /* apple */,
				C7CA806518B98E6B005858C5 /* audiodecoder.h */,
				C7CA806618B98E6B005858C5 /* audiodecoderbase.h */,
				C7CA806718B98E6B005858C5 /* audiodecodercoreaudio.h */,
			);
			path = include;
			sourceTree = "<group>";
		};
		C7CA806218B98E6B005858C5 /* apple */ = {
			isa = PBXGroup;
			children = (
				C7CA806318B98E6B005858C5 /* CADebugMacros.h */,
				C7CA806418B98E6B005858C5 /* CAStreamBasicDescription.h */,
			);
			path = apple;
			sourceTree = "<group>";
		};
		C7CA806818B98E6B005858C5 /* src */ = {
			isa = PBXGroup;
			children = (
				C7CA806918B98E6B005858C5 /* audiodecoderbase.cpp */,
				C7CA806A18B98E6B005858C5 /* audiodecodercoreaudio.cpp */,
			);
			path = src;
			sourceTree = "<group>";
		};
		C7CA806D18B98E6B005858C5 /* src */ = {
			isa = PBXGroup;
			children = (
				C7CA806E18B98E6B005858C5 /* ofxAudioDecoder.h */,
			);
			path = src;
			sourceTree = "<group>";
		};
		C7CA80D618B9FC77005858C5 /* ofxFft */ = {
			isa = PBXGroup;
			children = (
				C7CA80D718B9FC77005858C5 /* .gitignore */,
				C7CA80FE18B9FC77005858C5 /* libs */,
				C7CA810A18B9FC77005858C5 /* ofxaddons_thumbnail.png */,
				C7CA810B18B9FC77005858C5 /* readme.md */,
				C7AF3CCF18BCB4B800BAC632 /* example-basic */,
				C7CA810C18B9FC77005858C5 /* src */,
			);
			path = ofxFft;
			sourceTree = "<group>";
		};
		C7CA80FE18B9FC77005858C5 /* libs */ = {
			isa = PBXGroup;
			children = (
				C7FB60C818BB8CBB00312CAA /* fftw3f.a */,
				C7CA80FF18B9FC77005858C5 /* fftw */,
				C7CA810418B9FC77005858C5 /* kiss */,
			);
			path = libs;
			sourceTree = "<group>";
		};
		C7CA80FF18B9FC77005858C5 /* fftw */ = {
			isa = PBXGroup;
			children = (
				C7CA810018B9FC77005858C5 /* include */,
				C7CA810218B9FC77005858C5 /* lib */,
			);
			path = fftw;
			sourceTree = "<group>";
		};
		C7CA810018B9FC77005858C5 /* include */ = {
			isa = PBXGroup;
			children = (
				C7CA810118B9FC77005858C5 /* fftw3.h */,
			);
			path = include;
			sourceTree = "<group>";
		};
		C7CA810218B9FC77005858C5 /* lib */ = {
			isa = PBXGroup;
			children = (
				C7CA810318B9FC77005858C5 /* .gitignore */,
			);
			path = lib;
			sourceTree = "<group>";
		};
		C7CA810418B9FC77005858C5 /* kiss */ = {
			isa = PBXGroup;
			children = (
				C7CA810518B9FC77005858C5 /* _kiss_fft_guts.h */,
				C7CA810618B9FC77005858C5 /* kiss_fft.c */,
				C7CA810718B9FC77005858C5 /* kiss_fft.h */,
				C7CA810818B9FC77005858C5 /* kiss_fftr.c */,
				C7CA810918B9FC77005858C5 /* kiss_fftr.h */,
			);
			path = kiss;
			sourceTree = "<group>";
		};
		C7CA810C18B9FC77005858C5 /* src */ = {
			isa = PBXGroup;
			children = (
				C7CA810D18B9FC77005858C5 /* ofxEasyFft.cpp */,
				C7CA810E18B9FC77005858C5 /* ofxEasyFft.h */,
				C7CA810F18B9FC77005858C5 /* ofxFft.cpp */,
				C7CA811018B9FC77005858C5 /* ofxFft.h */,
				C7CA811118B9FC77005858C5 /* ofxFftBasic.cpp */,
				C7CA811218B9FC77005858C5 /* ofxFftBasic.h */,
				C7CA811318B9FC77005858C5 /* ofxFftw.cpp */,
				C7CA811418B9FC77005858C5 /* ofxFftw.h */,
			);
			path = src;
			sourceTree = "<group>";
		};
		C7EDE53918A906A600E3C5C1 /* Products */ = {
			isa = PBXGroup;
			children = (
				C7EDE53D18A906A600E3C5C1 /* openFrameworksDebug.a */,
			);
			name = Products;
			sourceTree = "<group>";
		};
		C7F960D718B584740057243B /* requirements */ = {
			isa = PBXGroup;
			children = (
				C7CA80D618B9FC77005858C5 /* ofxFft */,
				C7CA805018B98E6B005858C5 /* ofxAudioDecoder */,
				C7F9721818B584AC0057243B /* ofxAudioUnit */,
			);
			path = requirements;
			sourceTree = "<group>";
		};
		C7F9721818B584AC0057243B /* ofxAudioUnit */ = {
			isa = PBXGroup;
			children = (
				C7F9726F18B584AE0057243B /* src */,
			);
			path = ofxAudioUnit;
			sourceTree = "<group>";
		};
		C7F9726F18B584AE0057243B /* src */ = {
			isa = PBXGroup;
			children = (
				C7F9727018B584AE0057243B /* CAPublicUtility */,
				C7F9727818B584AE0057243B /* ofxAudioUnit.cpp */,
				C7F9727918B584AE0057243B /* ofxAudioUnit.h */,
				C7F9727A18B584AE0057243B /* ofxAudioUnitBase.h */,
				C7F9727B18B584AE0057243B /* ofxAudioUnitCocoaUtilties.mm */,
				C7F9727C18B584AE0057243B /* ofxAudioUnitDSPNode.cpp */,
				C7F9727D18B584AE0057243B /* ofxAudioUnitDSPNode.h */,
				C7F9727E18B584AE0057243B /* ofxAudioUnitFftNode.cpp */,
				C7F9727F18B584AE0057243B /* ofxAudioUnitFftNode.h */,
				C7F9728018B584AE0057243B /* ofxAudioUnitFilePlayer.cpp */,
				C7F9728118B584AE0057243B /* ofxAudioUnitFilePlayer.h */,
				C7F9728218B584AE0057243B /* ofxAudioUnitHardwareUtils.cpp */,
				C7F9728318B584AE0057243B /* ofxAudioUnitHardwareUtils.h */,
				C7F9728418B584AE0057243B /* ofxAudioUnitInput.cpp */,
				C7F9728518B584AE0057243B /* ofxAudioUnitInput.h */,
				C7F9728618B584AE0057243B /* ofxAudioUnitMatrixMixer.cpp */,
				C7F9728718B584AE0057243B /* ofxAudioUnitMatrixMixer.h */,
				C7F9728818B584AE0057243B /* ofxAudioUnitMidi.cpp */,
				C7F9728918B584AE0057243B /* ofxAudioUnitMidi.h */,
				C7F9728A18B584AE0057243B /* ofxAudioUnitMixer.cpp */,
				C7F9728B18B584AE0057243B /* ofxAudioUnitMixer.h */,
				C7F9728C18B584AE0057243B /* ofxAudioUnitNetReceive.cpp */,
				C7F9728D18B584AE0057243B /* ofxAudioUnitNetReceive.h */,
				C7F9728E18B584AE0057243B /* ofxAudioUnitNetSend.cpp */,
				C7F9728F18B584AE0057243B /* ofxAudioUnitNetSend.h */,
				C7F9729018B584AE0057243B /* ofxAudioUnitOutput.cpp */,
				C7F9729118B584AE0057243B /* ofxAudioUnitOutput.h */,
				C7F9729218B584AE0057243B /* ofxAudioUnitRecorder.cpp */,
				C7F9729318B584AE0057243B /* ofxAudioUnitRecorder.h */,
				C7F9729418B584AE0057243B /* ofxAudioUnitSampler.cpp */,
				C7F9729518B584AE0057243B /* ofxAudioUnitSampler.h */,
				C7F9729618B584AE0057243B /* ofxAudioUnitSpeechSynth.cpp */,
				C7F9729718B584AE0057243B /* ofxAudioUnitSpeechSynth.h */,
				C7F9729818B584AE0057243B /* ofxAudioUnitTap.cpp */,
				C7F9729918B584AE0057243B /* ofxAudioUnitTap.h */,
				C7F9729A18B584AE0057243B /* ofxAudioUnitUtils.h */,
				C7F9729B18B584AE0057243B /* TPCircularBuffer */,
			);
			path = src;
			sourceTree = "<group>";
		};
		C7F9727018B584AE0057243B /* CAPublicUtility */ = {
			isa = PBXGroup;
			children = (
				C7F9727118B584AE0057243B /* AUParamInfo.cpp */,
				C7F9727218B584AE0057243B /* AUParamInfo.h */,
				C7F9727318B584AE0057243B /* CAAUParameter.cpp */,
				C7F9727418B584AE0057243B /* CAAUParameter.h */,
				C7F9727518B584AE0057243B /* CADebugMacros.cpp */,
				C7F9727618B584AE0057243B /* CADebugMacros.h */,
				C7F9727718B584AE0057243B /* CAXException.h */,
			);
			path = CAPublicUtility;
			sourceTree = "<group>";
		};
		C7F9729B18B584AE0057243B /* TPCircularBuffer */ = {
			isa = PBXGroup;
			children = (
				C7F9729C18B584AE0057243B /* TPCircularBuffer.c */,
				C7F9729D18B584AE0057243B /* TPCircularBuffer.h */,
			);
			path = TPCircularBuffer;
			sourceTree = "<group>";
		};
		E45BE5980E8CC70C009D7055 /* frameworks */ = {
			isa = PBXGroup;
			children = (
				BBAB23CA13894EDB00AA2426 /* 3rd party frameworks */,
				BBAB23C913894ECA00AA2426 /* system frameworks */,
			);
			name = frameworks;
			sourceTree = "<group>";
		};
		E4B69B4A0A3A1720003C02F2 = {
			isa = PBXGroup;
			children = (
				C7DA746C18BCFE5600430C64 /* rrr.icns */,
				C7EDE54318A920B500E3C5C1 /* openFrameworksDebug.a */,
				E4B6FCAD0C3E899E008CF71C /* openFrameworks-Info.plist */,
				E4EB6923138AFD0F00A09F29 /* Project.xcconfig */,
				C7AD8BC718B57ADC0001746B /* bin */,
				E4B69E1C0A3A1BDC003C02F2 /* src */,
				C7F960D718B584740057243B /* requirements */,
				E4EEC9E9138DF44700A80321 /* openFrameworks */,
				BB4B014C10F69532006C3DED /* addons */,
				E45BE5980E8CC70C009D7055 /* frameworks */,
				E4B69B5B0A3A1756003C02F2 /* refreq2Debug.app */,
			);
			sourceTree = "<group>";
		};
		E4B69E1C0A3A1BDC003C02F2 /* src */ = {
			isa = PBXGroup;
			children = (
				C7EF20F618B2ABB60016EE43 /* refreqConstans.h */,
				E4B69E1D0A3A1BDC003C02F2 /* main.mm */,
				E4B69E1E0A3A1BDC003C02F2 /* refreq2.cpp */,
				E4B69E1F0A3A1BDC003C02F2 /* refreq2.h */,
				C7F3218218A2CA61008C9295 /* Gui.cpp */,
				C7F3218318A2CA61008C9295 /* Gui.h */,
				C7F3217318A2C7EC008C9295 /* Loader.cpp */,
				C7F3217418A2C7EC008C9295 /* Loader.h */,
				C7F3217618A2C84D008C9295 /* Player.cpp */,
				C7F3217718A2C84D008C9295 /* Player.h */,
				C7F3217918A2C878008C9295 /* Vinyl.cpp */,
				C7F3217A18A2C878008C9295 /* Vinyl.h */,
				C7F3217C18A2C914008C9295 /* PixelPickup.cpp */,
				C7F3217D18A2C914008C9295 /* PixelPickup.h */,
				C7F3217F18A2C990008C9295 /* Synthetizer.cpp */,
				C7F3218018A2C990008C9295 /* Synthetizer.h */,
			);
			path = src;
			sourceTree = SOURCE_ROOT;
		};
		E4EEC9E9138DF44700A80321 /* openFrameworks */ = {
			isa = PBXGroup;
			children = (
				C7EDE53718A906A600E3C5C1 /* CoreOF.xcconfig */,
				C7EDE53818A906A600E3C5C1 /* openFrameworksLib.xcodeproj */,
			);
			name = openFrameworks;
			sourceTree = "<group>";
		};
/* End PBXGroup section */

/* Begin PBXNativeTarget section */
		E4B69B5A0A3A1756003C02F2 /* refreq2 */ = {
			isa = PBXNativeTarget;
			buildConfigurationList = E4B69B5F0A3A1757003C02F2 /* Build configuration list for PBXNativeTarget "refreq2" */;
			buildPhases = (
				E4B69B580A3A1756003C02F2 /* Sources */,
				E4B69B590A3A1756003C02F2 /* Frameworks */,
				E4B6FFFD0C3F9AB9008CF71C /* ShellScript */,
				E4C2427710CC5ABF004149E2 /* CopyFiles */,
				C7F960D318B57C700057243B /* CopyFiles */,
			);
			buildRules = (
			);
			dependencies = (
			);
			name = refreq2;
			productName = myOFApp;
			productReference = E4B69B5B0A3A1756003C02F2 /* refreq2Debug.app */;
			productType = "com.apple.product-type.application";
		};
/* End PBXNativeTarget section */

/* Begin PBXProject section */
		E4B69B4C0A3A1720003C02F2 /* Project object */ = {
			isa = PBXProject;
			attributes = {
				LastUpgradeCheck = 0500;
			};
			buildConfigurationList = E4B69B4D0A3A1720003C02F2 /* Build configuration list for PBXProject "refreq2" */;
			compatibilityVersion = "Xcode 3.2";
			developmentRegion = English;
			hasScannedForEncodings = 0;
			knownRegions = (
				English,
				Japanese,
				French,
				German,
			);
			mainGroup = E4B69B4A0A3A1720003C02F2;
			productRefGroup = E4B69B4A0A3A1720003C02F2;
			projectDirPath = "";
			projectReferences = (
				{
					ProductGroup = C7AF3CD118BCB4B800BAC632 /* Products */;
					ProjectRef = C7AF3CD018BCB4B800BAC632 /* BasicExample.xcodeproj */;
				},
				{
					ProductGroup = C7EDE53918A906A600E3C5C1 /* Products */;
					ProjectRef = C7EDE53818A906A600E3C5C1 /* openFrameworksLib.xcodeproj */;
				},
			);
			projectRoot = "";
			targets = (
				E4B69B5A0A3A1756003C02F2 /* refreq2 */,
			);
		};
/* End PBXProject section */

/* Begin PBXReferenceProxy section */
		C7AF3CE418BCB4B900BAC632 /* BasicExampleDebug.app */ = {
			isa = PBXReferenceProxy;
			fileType = wrapper.application;
			path = BasicExampleDebug.app;
			remoteRef = C7AF3CE318BCB4B900BAC632 /* PBXContainerItemProxy */;
			sourceTree = BUILT_PRODUCTS_DIR;
		};
		C7EDE53D18A906A600E3C5C1 /* openFrameworksDebug.a */ = {
			isa = PBXReferenceProxy;
			fileType = archive.ar;
			path = openFrameworksDebug.a;
			remoteRef = C7EDE53C18A906A600E3C5C1 /* PBXContainerItemProxy */;
			sourceTree = BUILT_PRODUCTS_DIR;
		};
/* End PBXReferenceProxy section */

/* Begin PBXShellScriptBuildPhase section */
		E4B6FFFD0C3F9AB9008CF71C /* ShellScript */ = {
			isa = PBXShellScriptBuildPhase;
			buildActionMask = 2147483647;
			files = (
			);
			inputPaths = (
			);
			outputPaths = (
			);
			runOnlyForDeploymentPostprocessing = 0;
			shellPath = /bin/sh;
			shellScript = "cp -f requirements/of_v0.8.0_osx_release/libs/fmodex/lib/osx/libfmodex.dylib \"$TARGET_BUILD_DIR/$PRODUCT_NAME.app/Contents/MacOS/libfmodex.dylib\"; install_name_tool -change ./libfmodex.dylib @executable_path/libfmodex.dylib \"$TARGET_BUILD_DIR/$PRODUCT_NAME.app/Contents/MacOS/$PRODUCT_NAME\";\nmkdir -p \"$TARGET_BUILD_DIR/$PRODUCT_NAME.app/Contents/Resources/\"\ncp -f \"$ICON_FILE\" \"$TARGET_BUILD_DIR/$PRODUCT_NAME.app/Contents/Resources/\"\n";
		};
/* End PBXShellScriptBuildPhase section */

/* Begin PBXSourcesBuildPhase section */
		E4B69B580A3A1756003C02F2 /* Sources */ = {
			isa = PBXSourcesBuildPhase;
			buildActionMask = 2147483647;
			files = (
				C7F3217818A2C84D008C9295 /* Player.cpp in Sources */,
				E4B69E200A3A1BDC003C02F2 /* main.mm in Sources */,
				C7F3217518A2C7EC008C9295 /* Loader.cpp in Sources */,
				E4B69E210A3A1BDC003C02F2 /* refreq2.cpp in Sources */,
				C7F3217E18A2C914008C9295 /* PixelPickup.cpp in Sources */,
				C7F3218418A2CA61008C9295 /* Gui.cpp in Sources */,
				C7F3218118A2C990008C9295 /* Synthetizer.cpp in Sources */,
				C7F3217B18A2C878008C9295 /* Vinyl.cpp in Sources */,
				C7CA807218B98E88005858C5 /* audiodecoderbase.cpp in Sources */,
				C7CA807318B98E88005858C5 /* audiodecodercoreaudio.cpp in Sources */,
				C7CA812618BA02BB005858C5 /* kiss_fft.c in Sources */,
				C7CA812718BA02BB005858C5 /* kiss_fftr.c in Sources */,
				C7CA812F18BA02EB005858C5 /* ofxFft.cpp in Sources */,
				C7CA813018BA02EB005858C5 /* ofxFftBasic.cpp in Sources */,
				C7CA813118BA02EB005858C5 /* ofxFftw.cpp in Sources */,
			);
			runOnlyForDeploymentPostprocessing = 0;
		};
/* End PBXSourcesBuildPhase section */

/* Begin XCBuildConfiguration section */
		E4B69B4E0A3A1720003C02F2 /* Debug */ = {
			isa = XCBuildConfiguration;
			baseConfigurationReference = E4EB6923138AFD0F00A09F29 /* Project.xcconfig */;
			buildSettings = {
				ARCHS = "$(ARCHS_STANDARD_32_BIT)";
				CONFIGURATION_BUILD_DIR = "$(SRCROOT)/bin/";
				COPY_PHASE_STRIP = NO;
				DEAD_CODE_STRIPPING = YES;
				GCC_AUTO_VECTORIZATION = YES;
				GCC_ENABLE_SSE3_EXTENSIONS = YES;
				GCC_ENABLE_SUPPLEMENTAL_SSE3_INSTRUCTIONS = YES;
				GCC_INLINES_ARE_PRIVATE_EXTERN = NO;
				GCC_OPTIMIZATION_LEVEL = 0;
				GCC_SYMBOLS_PRIVATE_EXTERN = NO;
				GCC_WARN_ABOUT_DEPRECATED_FUNCTIONS = YES;
				GCC_WARN_ABOUT_INVALID_OFFSETOF_MACRO = NO;
				GCC_WARN_ALLOW_INCOMPLETE_PROTOCOL = NO;
				GCC_WARN_UNINITIALIZED_AUTOS = NO;
				GCC_WARN_UNUSED_VALUE = NO;
				GCC_WARN_UNUSED_VARIABLE = NO;
				MACOSX_DEPLOYMENT_TARGET = 10.6;
				ONLY_ACTIVE_ARCH = NO;
				OTHER_CPLUSPLUSFLAGS = (
					"-D__MACOSX_CORE__",
					"-lpthread",
					"-mtune=native",
				);
				SDKROOT = macosx;
			};
			name = Debug;
		};
		E4B69B4F0A3A1720003C02F2 /* Release */ = {
			isa = XCBuildConfiguration;
			baseConfigurationReference = E4EB6923138AFD0F00A09F29 /* Project.xcconfig */;
			buildSettings = {
				ARCHS = "$(ARCHS_STANDARD_32_BIT)";
				CONFIGURATION_BUILD_DIR = "$(SRCROOT)/bin/";
				COPY_PHASE_STRIP = YES;
				DEAD_CODE_STRIPPING = YES;
				GCC_AUTO_VECTORIZATION = YES;
				GCC_ENABLE_SSE3_EXTENSIONS = YES;
				GCC_ENABLE_SUPPLEMENTAL_SSE3_INSTRUCTIONS = YES;
				GCC_INLINES_ARE_PRIVATE_EXTERN = NO;
				GCC_OPTIMIZATION_LEVEL = 3;
				GCC_SYMBOLS_PRIVATE_EXTERN = NO;
				GCC_UNROLL_LOOPS = YES;
				GCC_WARN_ABOUT_DEPRECATED_FUNCTIONS = YES;
				GCC_WARN_ABOUT_INVALID_OFFSETOF_MACRO = NO;
				GCC_WARN_ALLOW_INCOMPLETE_PROTOCOL = NO;
				GCC_WARN_UNINITIALIZED_AUTOS = NO;
				GCC_WARN_UNUSED_VALUE = NO;
				GCC_WARN_UNUSED_VARIABLE = NO;
				MACOSX_DEPLOYMENT_TARGET = 10.6;
				ONLY_ACTIVE_ARCH = NO;
				OTHER_CPLUSPLUSFLAGS = (
					"-D__MACOSX_CORE__",
					"-lpthread",
					"-mtune=native",
				);
				SDKROOT = macosx;
			};
			name = Release;
		};
		E4B69B600A3A1757003C02F2 /* Debug */ = {
			isa = XCBuildConfiguration;
			buildSettings = {
				ARCHS = "$(ARCHS_STANDARD_32_BIT)";
				COMBINE_HIDPI_IMAGES = YES;
				COPY_PHASE_STRIP = NO;
				FRAMEWORK_SEARCH_PATHS = (
					"$(inherited)",
					"$(FRAMEWORK_SEARCH_PATHS_QUOTED_FOR_TARGET_1)",
					/System/Library/Frameworks,
					/Users/danielfeles/Documents/refreq2/requirements/openFrameworks/libs/glut/lib/osx,
				);
				GCC_DYNAMIC_NO_PIC = NO;
				GCC_GENERATE_DEBUGGING_SYMBOLS = YES;
				GCC_MODEL_TUNING = G5;
				ICON = "$(ICON_NAME_DEBUG)";
				ICON_FILE = "$(ICON_FILE_PATH)$(ICON)";
				INFOPLIST_FILE = "openFrameworks-Info.plist";
				INSTALL_PATH = "$(HOME)/Applications";
				LIBRARY_SEARCH_PATHS = (
					"$(inherited)",
					"$(LIBRARY_SEARCH_PATHS_QUOTED_FOR_TARGET_1)",
					"$(LIBRARY_SEARCH_PATHS_QUOTED_FOR_TARGET_2)",
					"$(LIBRARY_SEARCH_PATHS_QUOTED_FOR_TARGET_3)",
					"$(LIBRARY_SEARCH_PATHS_QUOTED_FOR_TARGET_4)",
					"$(LIBRARY_SEARCH_PATHS_QUOTED_FOR_TARGET_5)",
					"$(LIBRARY_SEARCH_PATHS_QUOTED_FOR_TARGET_6)",
					"$(LIBRARY_SEARCH_PATHS_QUOTED_FOR_TARGET_7)",
					"$(LIBRARY_SEARCH_PATHS_QUOTED_FOR_TARGET_8)",
					"$(LIBRARY_SEARCH_PATHS_QUOTED_FOR_TARGET_9)",
					"$(LIBRARY_SEARCH_PATHS_QUOTED_FOR_TARGET_10)",
					"$(LIBRARY_SEARCH_PATHS_QUOTED_FOR_TARGET_11)",
					"$(LIBRARY_SEARCH_PATHS_QUOTED_FOR_TARGET_12)",
					"$(LIBRARY_SEARCH_PATHS_QUOTED_FOR_TARGET_13)",
					"$(LIBRARY_SEARCH_PATHS_QUOTED_FOR_TARGET_14)",
					"$(LIBRARY_SEARCH_PATHS_QUOTED_FOR_TARGET_15)",
					"$(LIBRARY_SEARCH_PATHS_QUOTED_FOR_TARGET_2)",
					"$(LIBRARY_SEARCH_PATHS_QUOTED_FOR_TARGET_3)",
					"$(LIBRARY_SEARCH_PATHS_QUOTED_FOR_TARGET_7)",
					"$(LIBRARY_SEARCH_PATHS_QUOTED_FOR_TARGET_8)",
					"$(LIBRARY_SEARCH_PATHS_QUOTED_FOR_TARGET_9)",
					"$(LIBRARY_SEARCH_PATHS_QUOTED_FOR_TARGET_10)",
					"$(LIBRARY_SEARCH_PATHS_QUOTED_FOR_TARGET_11)",
					"$(LIBRARY_SEARCH_PATHS_QUOTED_FOR_TARGET_12)",
					"$(LIBRARY_SEARCH_PATHS_QUOTED_FOR_TARGET_13)",
					"$(LIBRARY_SEARCH_PATHS_QUOTED_FOR_TARGET_16)",
					"$(LIBRARY_SEARCH_PATHS_QUOTED_FOR_TARGET_17)",
					"$(LIBRARY_SEARCH_PATHS_QUOTED_FOR_TARGET_18)",
					"$(LIBRARY_SEARCH_PATHS_QUOTED_FOR_TARGET_19)",
					"$(LIBRARY_SEARCH_PATHS_QUOTED_FOR_TARGET_20)",
					"$(LIBRARY_SEARCH_PATHS_QUOTED_FOR_TARGET_21)",
					"$(LIBRARY_SEARCH_PATHS_QUOTED_FOR_TARGET_22)",
					"$(LIBRARY_SEARCH_PATHS_QUOTED_FOR_TARGET_23)",
					"$(LIBRARY_SEARCH_PATHS_QUOTED_FOR_TARGET_24)",
					"$(LIBRARY_SEARCH_PATHS_QUOTED_FOR_TARGET_25)",
					"$(LIBRARY_SEARCH_PATHS_QUOTED_FOR_TARGET_26)",
					"$(LIBRARY_SEARCH_PATHS_QUOTED_FOR_TARGET_27)",
					"$(LIBRARY_SEARCH_PATHS_QUOTED_FOR_TARGET_28)",
					"$(LIBRARY_SEARCH_PATHS_QUOTED_FOR_TARGET_29)",
					"$(LIBRARY_SEARCH_PATHS_QUOTED_FOR_TARGET_30)",
					"$(LIBRARY_SEARCH_PATHS_QUOTED_FOR_TARGET_31)",
					"$(LIBRARY_SEARCH_PATHS_QUOTED_FOR_TARGET_32)",
					"$(LIBRARY_SEARCH_PATHS_QUOTED_FOR_TARGET_33)",
					"$(LIBRARY_SEARCH_PATHS_QUOTED_FOR_TARGET_34)",
					"$(LIBRARY_SEARCH_PATHS_QUOTED_FOR_TARGET_35)",
					"$(LIBRARY_SEARCH_PATHS_QUOTED_FOR_TARGET_36)",
					"$(LIBRARY_SEARCH_PATHS_QUOTED_FOR_TARGET_37)",
					"$(LIBRARY_SEARCH_PATHS_QUOTED_FOR_TARGET_38)",
					"$(LIBRARY_SEARCH_PATHS_QUOTED_FOR_TARGET_39)",
					"$(LIBRARY_SEARCH_PATHS_QUOTED_FOR_TARGET_40)",
					"$(LIBRARY_SEARCH_PATHS_QUOTED_FOR_TARGET_41)",
					"$(LIBRARY_SEARCH_PATHS_QUOTED_FOR_TARGET_42)",
					"$(LIBRARY_SEARCH_PATHS_QUOTED_FOR_TARGET_43)",
					"$(LIBRARY_SEARCH_PATHS_QUOTED_FOR_TARGET_44)",
					"$(LIBRARY_SEARCH_PATHS_QUOTED_FOR_TARGET_45)",
					"$(LIBRARY_SEARCH_PATHS_QUOTED_FOR_TARGET_46)",
					"$(LIBRARY_SEARCH_PATHS_QUOTED_FOR_TARGET_47)",
					"$(LIBRARY_SEARCH_PATHS_QUOTED_FOR_TARGET_48)",
					"$(LIBRARY_SEARCH_PATHS_QUOTED_FOR_TARGET_49)",
					"$(LIBRARY_SEARCH_PATHS_QUOTED_FOR_TARGET_50)",
					"$(LIBRARY_SEARCH_PATHS_QUOTED_FOR_TARGET_51)",
					"$(LIBRARY_SEARCH_PATHS_QUOTED_FOR_TARGET_52)",
					/Users/danielfeles/Documents/refreq2/requirements/openFrameworks/libs/openFrameworksCompiled/lib/osx,
					"/Users/danielfeles/Documents/refreq2/requirements/ofxFft/example-basic/lib/osx",
				);
				MACOSX_DEPLOYMENT_TARGET = 10.8;
				PRODUCT_NAME = "$(TARGET_NAME)Debug";
				SDKROOT = macosx10.8;
				WRAPPER_EXTENSION = app;
			};
			name = Debug;
		};
		E4B69B610A3A1757003C02F2 /* Release */ = {
			isa = XCBuildConfiguration;
			buildSettings = {
				ARCHS = "$(ARCHS_STANDARD_32_BIT)";
				COMBINE_HIDPI_IMAGES = YES;
				COPY_PHASE_STRIP = YES;
				FRAMEWORK_SEARCH_PATHS = (
					"$(inherited)",
					"$(FRAMEWORK_SEARCH_PATHS_QUOTED_FOR_TARGET_1)",
					/System/Library/Frameworks,
					/Users/danielfeles/Documents/refreq2/requirements/openFrameworks/libs/glut/lib/osx,
				);
				GCC_GENERATE_DEBUGGING_SYMBOLS = YES;
				GCC_MODEL_TUNING = G5;
				ICON = "$(ICON_NAME_RELEASE)";
				ICON_FILE = "$(ICON_FILE_PATH)$(ICON)";
				INFOPLIST_FILE = "openFrameworks-Info.plist";
				INSTALL_PATH = "$(HOME)/Applications";
				LIBRARY_SEARCH_PATHS = (
					"$(inherited)",
					"$(LIBRARY_SEARCH_PATHS_QUOTED_FOR_TARGET_1)",
					"$(LIBRARY_SEARCH_PATHS_QUOTED_FOR_TARGET_2)",
					"$(LIBRARY_SEARCH_PATHS_QUOTED_FOR_TARGET_3)",
					"$(LIBRARY_SEARCH_PATHS_QUOTED_FOR_TARGET_4)",
					"$(LIBRARY_SEARCH_PATHS_QUOTED_FOR_TARGET_5)",
					"$(LIBRARY_SEARCH_PATHS_QUOTED_FOR_TARGET_6)",
					"$(LIBRARY_SEARCH_PATHS_QUOTED_FOR_TARGET_7)",
					"$(LIBRARY_SEARCH_PATHS_QUOTED_FOR_TARGET_8)",
					"$(LIBRARY_SEARCH_PATHS_QUOTED_FOR_TARGET_9)",
					"$(LIBRARY_SEARCH_PATHS_QUOTED_FOR_TARGET_10)",
					"$(LIBRARY_SEARCH_PATHS_QUOTED_FOR_TARGET_11)",
					"$(LIBRARY_SEARCH_PATHS_QUOTED_FOR_TARGET_12)",
					"$(LIBRARY_SEARCH_PATHS_QUOTED_FOR_TARGET_13)",
					"$(LIBRARY_SEARCH_PATHS_QUOTED_FOR_TARGET_14)",
					"$(LIBRARY_SEARCH_PATHS_QUOTED_FOR_TARGET_15)",
					"$(LIBRARY_SEARCH_PATHS_QUOTED_FOR_TARGET_2)",
					"$(LIBRARY_SEARCH_PATHS_QUOTED_1)",
					"$(LIBRARY_SEARCH_PATHS_QUOTED_FOR_TARGET_3)",
					"$(LIBRARY_SEARCH_PATHS_QUOTED_FOR_TARGET_7)",
					"$(LIBRARY_SEARCH_PATHS_QUOTED_FOR_TARGET_8)",
					"$(LIBRARY_SEARCH_PATHS_QUOTED_FOR_TARGET_9)",
					"$(LIBRARY_SEARCH_PATHS_QUOTED_FOR_TARGET_10)",
					"$(LIBRARY_SEARCH_PATHS_QUOTED_FOR_TARGET_11)",
					"$(LIBRARY_SEARCH_PATHS_QUOTED_FOR_TARGET_12)",
					"$(LIBRARY_SEARCH_PATHS_QUOTED_FOR_TARGET_13)",
					"$(LIBRARY_SEARCH_PATHS_QUOTED_FOR_TARGET_16)",
					"$(LIBRARY_SEARCH_PATHS_QUOTED_FOR_TARGET_17)",
					"$(LIBRARY_SEARCH_PATHS_QUOTED_FOR_TARGET_18)",
					"$(LIBRARY_SEARCH_PATHS_QUOTED_FOR_TARGET_19)",
					"$(LIBRARY_SEARCH_PATHS_QUOTED_FOR_TARGET_20)",
					"$(LIBRARY_SEARCH_PATHS_QUOTED_FOR_TARGET_21)",
					"$(LIBRARY_SEARCH_PATHS_QUOTED_FOR_TARGET_22)",
					"$(LIBRARY_SEARCH_PATHS_QUOTED_FOR_TARGET_23)",
					"$(LIBRARY_SEARCH_PATHS_QUOTED_FOR_TARGET_24)",
					"$(LIBRARY_SEARCH_PATHS_QUOTED_FOR_TARGET_25)",
					"$(LIBRARY_SEARCH_PATHS_QUOTED_FOR_TARGET_26)",
					"$(LIBRARY_SEARCH_PATHS_QUOTED_FOR_TARGET_27)",
					"$(LIBRARY_SEARCH_PATHS_QUOTED_FOR_TARGET_28)",
					"$(LIBRARY_SEARCH_PATHS_QUOTED_FOR_TARGET_29)",
					"$(LIBRARY_SEARCH_PATHS_QUOTED_FOR_TARGET_30)",
					"$(LIBRARY_SEARCH_PATHS_QUOTED_FOR_TARGET_31)",
					"$(LIBRARY_SEARCH_PATHS_QUOTED_FOR_TARGET_32)",
					"$(LIBRARY_SEARCH_PATHS_QUOTED_FOR_TARGET_33)",
					"$(LIBRARY_SEARCH_PATHS_QUOTED_FOR_TARGET_34)",
					"$(LIBRARY_SEARCH_PATHS_QUOTED_FOR_TARGET_35)",
					"$(LIBRARY_SEARCH_PATHS_QUOTED_FOR_TARGET_36)",
					"$(LIBRARY_SEARCH_PATHS_QUOTED_FOR_TARGET_37)",
					"$(LIBRARY_SEARCH_PATHS_QUOTED_FOR_TARGET_38)",
					"$(LIBRARY_SEARCH_PATHS_QUOTED_FOR_TARGET_39)",
					"$(LIBRARY_SEARCH_PATHS_QUOTED_FOR_TARGET_40)",
					"$(LIBRARY_SEARCH_PATHS_QUOTED_FOR_TARGET_41)",
					"$(LIBRARY_SEARCH_PATHS_QUOTED_FOR_TARGET_42)",
					"$(LIBRARY_SEARCH_PATHS_QUOTED_FOR_TARGET_43)",
					"$(LIBRARY_SEARCH_PATHS_QUOTED_FOR_TARGET_44)",
					"$(LIBRARY_SEARCH_PATHS_QUOTED_FOR_TARGET_45)",
					"$(LIBRARY_SEARCH_PATHS_QUOTED_FOR_TARGET_46)",
					"$(LIBRARY_SEARCH_PATHS_QUOTED_FOR_TARGET_47)",
					"$(LIBRARY_SEARCH_PATHS_QUOTED_FOR_TARGET_48)",
					"$(LIBRARY_SEARCH_PATHS_QUOTED_FOR_TARGET_49)",
					"$(LIBRARY_SEARCH_PATHS_QUOTED_FOR_TARGET_50)",
					"$(LIBRARY_SEARCH_PATHS_QUOTED_FOR_TARGET_51)",
					/Users/danielfeles/Documents/refreq2/requirements/openFrameworks/libs/openFrameworksCompiled/lib/osx,
					"/Users/danielfeles/Documents/refreq2/requirements/ofxFft/example-basic/lib/osx",
				);
				MACOSX_DEPLOYMENT_TARGET = 10.8;
				PRODUCT_NAME = "$(TARGET_NAME)";
				SDKROOT = macosx10.8;
				WRAPPER_EXTENSION = app;
			};
			name = Release;
		};
/* End XCBuildConfiguration section */

/* Begin XCConfigurationList section */
		E4B69B4D0A3A1720003C02F2 /* Build configuration list for PBXProject "refreq2" */ = {
			isa = XCConfigurationList;
			buildConfigurations = (
				E4B69B4E0A3A1720003C02F2 /* Debug */,
				E4B69B4F0A3A1720003C02F2 /* Release */,
			);
			defaultConfigurationIsVisible = 0;
			defaultConfigurationName = Release;
		};
		E4B69B5F0A3A1757003C02F2 /* Build configuration list for PBXNativeTarget "refreq2" */ = {
			isa = XCConfigurationList;
			buildConfigurations = (
				E4B69B600A3A1757003C02F2 /* Debug */,
				E4B69B610A3A1757003C02F2 /* Release */,
			);
			defaultConfigurationIsVisible = 0;
			defaultConfigurationName = Release;
		};
/* End XCConfigurationList section */
	};
	rootObject = E4B69B4C0A3A1720003C02F2 /* Project object */;
}
